
Microsoft Visual Studio Solution File, Format Version 12.00
# Visual Studio 15
VisualStudioVersion = 15.0.27703.2047
MinimumVisualStudioVersion = 10.0.40219.1
Project("{FAE04EC0-301F-11D3-BF4B-00C04F79EFBC}") = "Villamayor.Emanuel.2A", "Villamayor.Emanuel.2A\Villamayor.Emanuel.2A.csproj", "{C099F351-CAD8-4C12-A55E-D53BEE07B398}"
EndProject
Project("{FAE04EC0-301F-11D3-BF4B-00C04F79EFBC}") = "Entidades", "Entidades\Entidades.csproj", "{A965A5FA-5290-458F-9EC1-1FEB5BF9D3A5}"
EndProject
Global
	GlobalSection(SolutionConfigurationPlatforms) = preSolution
		Debug|Any CPU = Debug|Any CPU
		Release|Any CPU = Release|Any CPU
	EndGlobalSection
	GlobalSection(ProjectConfigurationPlatforms) = postSolution
		{C099F351-CAD8-4C12-A55E-D53BEE07B398}.Debug|Any CPU.ActiveCfg = Debug|Any CPU
		{C099F351-CAD8-4C12-A55E-D53BEE07B398}.Debug|Any CPU.Build.0 = Debug|Any CPU
		{C099F351-CAD8-4C12-A55E-D53BEE07B398}.Release|Any CPU.ActiveCfg = Release|Any CPU
		{C099F351-CAD8-4C12-A55E-D53BEE07B398}.Release|Any CPU.Build.0 = Release|Any CPU
		{A965A5FA-5290-458F-9EC1-1FEB5BF9D3A5}.Debug|Any CPU.ActiveCfg = Debug|Any CPU
		{A965A5FA-5290-458F-9EC1-1FEB5BF9D3A5}.Debug|Any CPU.Build.0 = Debug|Any CPU
		{A965A5FA-5290-458F-9EC1-1FEB5BF9D3A5}.Release|Any CPU.ActiveCfg = Release|Any CPU
		{A965A5FA-5290-458F-9EC1-1FEB5BF9D3A5}.Release|Any CPU.Build.0 = Release|Any CPU
	EndGlobalSection
	GlobalSection(SolutionProperties) = preSolution
		HideSolutionNode = FALSE
	EndGlobalSection
	GlobalSection(ExtensibilityGlobals) = postSolution
		SolutionGuid = {E0F5978E-F802-47CF-8977-628F06B9DA40}
	EndGlobalSection
EndGlobal
