
Microsoft Visual Studio Solution File, Format Version 12.00
# Visual Studio 15
VisualStudioVersion = 15.0.28010.2003
MinimumVisualStudioVersion = 10.0.40219.1
Project("{FAE04EC0-301F-11D3-BF4B-00C04F79EFBC}") = "Villamayor.Emanuel.2A", "Villamayor.Emanuel.2A\Villamayor.Emanuel.2A.csproj", "{EE4E2A5C-3A25-4600-9C20-8B1151C5D35C}"
EndProject
Project("{FAE04EC0-301F-11D3-BF4B-00C04F79EFBC}") = "Entidades", "Entidades\Entidades.csproj", "{7A4E1133-AD10-4E63-9E5A-DC27464C0B4C}"
EndProject
Project("{FAE04EC0-301F-11D3-BF4B-00C04F79EFBC}") = "Prueba", "Prueba\Prueba.csproj", "{01D60D15-C9A2-48DD-9950-BBB16FB6F09B}"
EndProject
Global
	GlobalSection(SolutionConfigurationPlatforms) = preSolution
		Debug|Any CPU = Debug|Any CPU
		Release|Any CPU = Release|Any CPU
	EndGlobalSection
	GlobalSection(ProjectConfigurationPlatforms) = postSolution
		{EE4E2A5C-3A25-4600-9C20-8B1151C5D35C}.Debug|Any CPU.ActiveCfg = Debug|Any CPU
		{EE4E2A5C-3A25-4600-9C20-8B1151C5D35C}.Debug|Any CPU.Build.0 = Debug|Any CPU
		{EE4E2A5C-3A25-4600-9C20-8B1151C5D35C}.Release|Any CPU.ActiveCfg = Release|Any CPU
		{EE4E2A5C-3A25-4600-9C20-8B1151C5D35C}.Release|Any CPU.Build.0 = Release|Any CPU
		{7A4E1133-AD10-4E63-9E5A-DC27464C0B4C}.Debug|Any CPU.ActiveCfg = Debug|Any CPU
		{7A4E1133-AD10-4E63-9E5A-DC27464C0B4C}.Debug|Any CPU.Build.0 = Debug|Any CPU
		{7A4E1133-AD10-4E63-9E5A-DC27464C0B4C}.Release|Any CPU.ActiveCfg = Release|Any CPU
		{7A4E1133-AD10-4E63-9E5A-DC27464C0B4C}.Release|Any CPU.Build.0 = Release|Any CPU
		{01D60D15-C9A2-48DD-9950-BBB16FB6F09B}.Debug|Any CPU.ActiveCfg = Debug|Any CPU
		{01D60D15-C9A2-48DD-9950-BBB16FB6F09B}.Debug|Any CPU.Build.0 = Debug|Any CPU
		{01D60D15-C9A2-48DD-9950-BBB16FB6F09B}.Release|Any CPU.ActiveCfg = Release|Any CPU
		{01D60D15-C9A2-48DD-9950-BBB16FB6F09B}.Release|Any CPU.Build.0 = Release|Any CPU
	EndGlobalSection
	GlobalSection(SolutionProperties) = preSolution
		HideSolutionNode = FALSE
	EndGlobalSection
	GlobalSection(ExtensibilityGlobals) = postSolution
		SolutionGuid = {65B93774-AC61-4E1B-B552-15640A1BCF0F}
	EndGlobalSection
EndGlobal
