
Microsoft Visual Studio Solution File, Format Version 12.00
# Visual Studio 15
VisualStudioVersion = 15.0.28010.2003
MinimumVisualStudioVersion = 10.0.40219.1
Project("{FAE04EC0-301F-11D3-BF4B-00C04F79EFBC}") = "Formulario", "Formulario\Formulario.csproj", "{15A5F8F7-4EC3-4F18-AA6E-E93FDD4FD5AA}"
EndProject
Project("{FAE04EC0-301F-11D3-BF4B-00C04F79EFBC}") = "Interfaces", "Interfaces\Interfaces.csproj", "{ADFCD9BA-D9CA-4C25-BBA5-C0191E8F5104}"
EndProject
Project("{FAE04EC0-301F-11D3-BF4B-00C04F79EFBC}") = "Entidades", "Entidades\Entidades.csproj", "{05821287-9445-478C-B658-62EB4AD934DC}"
EndProject
Global
	GlobalSection(SolutionConfigurationPlatforms) = preSolution
		Debug|Any CPU = Debug|Any CPU
		Release|Any CPU = Release|Any CPU
	EndGlobalSection
	GlobalSection(ProjectConfigurationPlatforms) = postSolution
		{15A5F8F7-4EC3-4F18-AA6E-E93FDD4FD5AA}.Debug|Any CPU.ActiveCfg = Debug|Any CPU
		{15A5F8F7-4EC3-4F18-AA6E-E93FDD4FD5AA}.Debug|Any CPU.Build.0 = Debug|Any CPU
		{15A5F8F7-4EC3-4F18-AA6E-E93FDD4FD5AA}.Release|Any CPU.ActiveCfg = Release|Any CPU
		{15A5F8F7-4EC3-4F18-AA6E-E93FDD4FD5AA}.Release|Any CPU.Build.0 = Release|Any CPU
		{ADFCD9BA-D9CA-4C25-BBA5-C0191E8F5104}.Debug|Any CPU.ActiveCfg = Debug|Any CPU
		{ADFCD9BA-D9CA-4C25-BBA5-C0191E8F5104}.Debug|Any CPU.Build.0 = Debug|Any CPU
		{ADFCD9BA-D9CA-4C25-BBA5-C0191E8F5104}.Release|Any CPU.ActiveCfg = Release|Any CPU
		{ADFCD9BA-D9CA-4C25-BBA5-C0191E8F5104}.Release|Any CPU.Build.0 = Release|Any CPU
		{05821287-9445-478C-B658-62EB4AD934DC}.Debug|Any CPU.ActiveCfg = Debug|Any CPU
		{05821287-9445-478C-B658-62EB4AD934DC}.Debug|Any CPU.Build.0 = Debug|Any CPU
		{05821287-9445-478C-B658-62EB4AD934DC}.Release|Any CPU.ActiveCfg = Release|Any CPU
		{05821287-9445-478C-B658-62EB4AD934DC}.Release|Any CPU.Build.0 = Release|Any CPU
	EndGlobalSection
	GlobalSection(SolutionProperties) = preSolution
		HideSolutionNode = FALSE
	EndGlobalSection
	GlobalSection(ExtensibilityGlobals) = postSolution
		SolutionGuid = {336107CE-A931-4021-A295-A61D4F90AF21}
	EndGlobalSection
EndGlobal
