
Microsoft Visual Studio Solution File, Format Version 12.00
# Visual Studio 15
VisualStudioVersion = 15.0.28010.2003
MinimumVisualStudioVersion = 10.0.40219.1
Project("{FAE04EC0-301F-11D3-BF4B-00C04F79EFBC}") = "Villamayor.Emanuel.2A", "Villamayor.Emanuel.2A\Villamayor.Emanuel.2A.csproj", "{359B9975-04AC-4FD2-A28D-EA581B2D7EA6}"
EndProject
Project("{FAE04EC0-301F-11D3-BF4B-00C04F79EFBC}") = "Entidades", "Entidades\Entidades.csproj", "{8A13E28F-39C6-4230-88A4-EC2D6E94CD43}"
EndProject
Global
	GlobalSection(SolutionConfigurationPlatforms) = preSolution
		Debug|Any CPU = Debug|Any CPU
		Release|Any CPU = Release|Any CPU
	EndGlobalSection
	GlobalSection(ProjectConfigurationPlatforms) = postSolution
		{359B9975-04AC-4FD2-A28D-EA581B2D7EA6}.Debug|Any CPU.ActiveCfg = Debug|Any CPU
		{359B9975-04AC-4FD2-A28D-EA581B2D7EA6}.Debug|Any CPU.Build.0 = Debug|Any CPU
		{359B9975-04AC-4FD2-A28D-EA581B2D7EA6}.Release|Any CPU.ActiveCfg = Release|Any CPU
		{359B9975-04AC-4FD2-A28D-EA581B2D7EA6}.Release|Any CPU.Build.0 = Release|Any CPU
		{8A13E28F-39C6-4230-88A4-EC2D6E94CD43}.Debug|Any CPU.ActiveCfg = Debug|Any CPU
		{8A13E28F-39C6-4230-88A4-EC2D6E94CD43}.Debug|Any CPU.Build.0 = Debug|Any CPU
		{8A13E28F-39C6-4230-88A4-EC2D6E94CD43}.Release|Any CPU.ActiveCfg = Release|Any CPU
		{8A13E28F-39C6-4230-88A4-EC2D6E94CD43}.Release|Any CPU.Build.0 = Release|Any CPU
	EndGlobalSection
	GlobalSection(SolutionProperties) = preSolution
		HideSolutionNode = FALSE
	EndGlobalSection
	GlobalSection(ExtensibilityGlobals) = postSolution
		SolutionGuid = {34923E07-0C6A-49BF-963B-56E82956AB69}
	EndGlobalSection
EndGlobal
