
Microsoft Visual Studio Solution File, Format Version 12.00
# Visual Studio 15
VisualStudioVersion = 15.0.27703.2047
MinimumVisualStudioVersion = 10.0.40219.1
Project("{2150E333-8FDC-42A3-9474-1A3956D46DE8}") = "Ejercicios Guia", "Ejercicios Guia", "{4AD0C836-0BD9-4758-AA6F-6B29F855B90A}"
EndProject
Project("{FAE04EC0-301F-11D3-BF4B-00C04F79EFBC}") = "Ejercicio00", "Ejercicios Guia\Ejercicio00\Ejercicio 00\Ejercicio00.csproj", "{AAF7D8C9-F1E8-4B1B-951F-EF6C12F59FB7}"
EndProject
Project("{FAE04EC0-301F-11D3-BF4B-00C04F79EFBC}") = "Ejercicio01", "Ejercicios Guia\Ejercicio01\Ejercicio01\Ejercicio01.csproj", "{EDDD2EDA-7BB8-4AB0-8B48-FB699814B418}"
EndProject
Project("{FAE04EC0-301F-11D3-BF4B-00C04F79EFBC}") = "Ejercicio02", "Ejercicios Guia\Ejercicio 02\Ejercicio02.csproj", "{92372B86-A30F-483B-BC82-624F97FCA696}"
EndProject
Project("{FAE04EC0-301F-11D3-BF4B-00C04F79EFBC}") = "Ejercicio03", "Ejercicios Guia\Ejercicio03\Ejercicio03.csproj", "{4F1D4ED4-8103-450B-89A8-0CDB25714FC6}"
EndProject
Project("{FAE04EC0-301F-11D3-BF4B-00C04F79EFBC}") = "Ejercicio04", "Ejercicios Guia\Ejercicio04\Ejercicio04.csproj", "{D465EB12-16EA-4062-A90E-F0B16B8EE5E1}"
EndProject
Project("{FAE04EC0-301F-11D3-BF4B-00C04F79EFBC}") = "Ejercicio05", "Ejercicios Guia\Ejercicio05\Ejercicio05.csproj", "{97A2EA6B-D8E6-4070-BE11-28BA04998571}"
EndProject
Project("{FAE04EC0-301F-11D3-BF4B-00C04F79EFBC}") = "Ejercicio06", "Ejercicios Guia\Ejercicio06\Ejercicio06.csproj", "{7AC708B9-63D2-4490-B1D8-A92ACC6608E2}"
EndProject
Project("{FAE04EC0-301F-11D3-BF4B-00C04F79EFBC}") = "Ejercicio07", "Ejercicios Guia\Ejercicio07\Ejercicio07.csproj", "{D159CB33-72CB-4D60-B808-6CAED48C4657}"
EndProject
Project("{FAE04EC0-301F-11D3-BF4B-00C04F79EFBC}") = "Ejercicio08", "Ejercicios Guia\Ejercicio08\Ejercicio08.csproj", "{3C9F7BE7-35BA-4635-A637-E489195B75BD}"
EndProject
Project("{FAE04EC0-301F-11D3-BF4B-00C04F79EFBC}") = "Ejercicio09", "Ejercicios Guia\Ejercicio09\Ejercicio09.csproj", "{1CBC7EC9-7562-4D7D-AEE1-DD632E193F64}"
EndProject
Project("{FAE04EC0-301F-11D3-BF4B-00C04F79EFBC}") = "Ejercicio10", "Ejercicios Guia\Ejercicio10\Ejercicio10.csproj", "{3D277867-AC56-405E-901D-2FEAD50D4FD9}"
EndProject
Project("{FAE04EC0-301F-11D3-BF4B-00C04F79EFBC}") = "Ejercicio11", "Ejercicios Guia\Ejercicio11\Ejercicio11.csproj", "{4BB4BFE7-BA0B-44E2-A6BF-F5219463F8EC}"
EndProject
Project("{FAE04EC0-301F-11D3-BF4B-00C04F79EFBC}") = "Ejercicio12", "Ejercicios Guia\Ejercicio12\Ejercicio12.csproj", "{90112A36-7A3F-404A-8606-0164847A1483}"
EndProject
Project("{FAE04EC0-301F-11D3-BF4B-00C04F79EFBC}") = "Ejercicio13", "Ejercicios Guia\Ejercicio13\Ejercicio13.csproj", "{2FB4EE8E-0427-4DBB-AC4C-CA63EF1CF638}"
EndProject
Project("{FAE04EC0-301F-11D3-BF4B-00C04F79EFBC}") = "Ejercicio14", "Ejercicios Guia\Ejercicio14\Ejercicio14.csproj", "{46822F32-864C-4D97-843F-1F9742C564C9}"
EndProject
Project("{FAE04EC0-301F-11D3-BF4B-00C04F79EFBC}") = "Ejercicio15", "Ejercicios Guia\Ejercicio15\Ejercicio15.csproj", "{A1010B8A-08DB-43E9-9B86-69C3E7AB58D5}"
EndProject
Project("{FAE04EC0-301F-11D3-BF4B-00C04F79EFBC}") = "Ejercicio16", "Ejercicios Guia\Ejercicio16\Ejercicio16.csproj", "{BBC1A583-0E80-4518-9A6F-13F5830854A8}"
EndProject
Project("{FAE04EC0-301F-11D3-BF4B-00C04F79EFBC}") = "Ejercicio17", "Ejercicios Guia\Ejercicio17\Ejercicio17.csproj", "{56DF20BC-BCAA-495A-9534-EC3C2A6D97D9}"
EndProject
Project("{FAE04EC0-301F-11D3-BF4B-00C04F79EFBC}") = "Ejercicio18", "Ejercicios Guia\Ejercicio18\Ejercicio18.csproj", "{456DE53C-ECB1-4EDB-BA61-EE5DB27A6643}"
EndProject
Project("{FAE04EC0-301F-11D3-BF4B-00C04F79EFBC}") = "Ejercicio19", "Ejercicios Guia\Ejercicio19\Ejercicio19.csproj", "{22FC2BBA-3012-447D-8439-4B844F58E87A}"
EndProject
Project("{FAE04EC0-301F-11D3-BF4B-00C04F79EFBC}") = "Ejercicio20", "Ejercicios Guia\Ejercicio20\Ejercicio20.csproj", "{66E65CBC-382B-496B-8EBE-512EA57C50A0}"
EndProject
Project("{2150E333-8FDC-42A3-9474-1A3956D46DE8}") = "EjerciciosClase", "EjerciciosClase", "{79B1F0B7-AA21-4E7F-A923-A48E5A5C2ADD}"
EndProject
Project("{FAE04EC0-301F-11D3-BF4B-00C04F79EFBC}") = "Clase02", "Clase 02\Clase02.csproj", "{413CB025-42F5-4EE8-86E2-15A6501603DA}"
EndProject
Project("{FAE04EC0-301F-11D3-BF4B-00C04F79EFBC}") = "Clase04", "Clase 04\Clase04exe\Clase04.csproj", "{7F1E5D39-4929-4438-B873-D14E781AD040}"
EndProject
Project("{FAE04EC0-301F-11D3-BF4B-00C04F79EFBC}") = "WindowsFormCosa(04)", "Clase 04\clase04_Sobrecargas_CL_WF\WindowsFormCosa\WindowsFormCosa(04).csproj", "{F424CFF5-97E8-4B01-8E95-2EAD09A20F49}"
EndProject
Project("{FAE04EC0-301F-11D3-BF4B-00C04F79EFBC}") = "Clase05", "Clase05\Clase05\Clase05.csproj", "{B03209E7-8A07-4295-A74F-393668FED770}"
EndProject
Project("{FAE04EC0-301F-11D3-BF4B-00C04F79EFBC}") = "Sobrecarga.Operadores.2018(05)", "Clase05\Sobrecarga.Operadores.2018\Sobrecarga.Operadores.2018\Sobrecarga.Operadores.2018(05).csproj", "{80BBF493-B652-42FA-A782-1A1CBC4E1D71}"
EndProject
Project("{FAE04EC0-301F-11D3-BF4B-00C04F79EFBC}") = "clase06", "clase06\clase06.csproj", "{7CBA7B91-24F2-4CDD-882A-444308B70516}"
EndProject
Project("{FAE04EC0-301F-11D3-BF4B-00C04F79EFBC}") = "Clase07", "Clase07\Clase07\Clase07.csproj", "{9B0001D8-B1E9-425A-9719-D6F788B72244}"
EndProject
Project("{9A19103F-16F7-4668-BE54-9A1E7A4F7556}") = "Entidades(07)", "Clase07\Entidades\Entidades(07).csproj", "{5CC45DF9-42EA-4F9E-8808-03403DEFC129}"
EndProject
Project("{FAE04EC0-301F-11D3-BF4B-00C04F79EFBC}") = "EntidadesClase07", "Clase07\EntidadesClase07\EntidadesClase07.csproj", "{04DACF59-2128-49CE-B8DD-B2F5F4F8B2B2}"
EndProject
Project("{FAE04EC0-301F-11D3-BF4B-00C04F79EFBC}") = "Clase08", "Clase08\Clase08.csproj", "{438FFED9-EAF2-4EF1-BA74-F801E76BADFD}"
EndProject
Project("{2150E333-8FDC-42A3-9474-1A3956D46DE8}") = "Ejercicio23", "Ejercicio23", "{625FA021-B6A4-46AF-A731-9945B5520B96}"
EndProject
Project("{FAE04EC0-301F-11D3-BF4B-00C04F79EFBC}") = "Entidades(04)", "Clase 04\clase04_Sobrecargas_CL_WF\Entidades\Entidades(04).csproj", "{F0C3CE30-AA44-4CA9-80B6-EA9F0D066A9B}"
EndProject
Project("{2150E333-8FDC-42A3-9474-1A3956D46DE8}") = "Clase04", "Clase04", "{BAFE0C3C-CA57-4EDC-BE65-EB6C8FA045F9}"
EndProject
Project("{2150E333-8FDC-42A3-9474-1A3956D46DE8}") = "Clase02 03", "Clase02 03", "{EA6E22B7-ED2C-4B44-8BA1-67E5054C2D4C}"
EndProject
Project("{2150E333-8FDC-42A3-9474-1A3956D46DE8}") = "Clase05", "Clase05", "{E744E0B6-2C0D-45A2-964B-FFEC0EF604BE}"
EndProject
Project("{2150E333-8FDC-42A3-9474-1A3956D46DE8}") = "Clase07", "Clase07", "{EB222B65-4AE7-4728-BED9-C47E40989995}"
EndProject
Project("{FAE04EC0-301F-11D3-BF4B-00C04F79EFBC}") = "Ejercicio26", "Ejercicios Guia\Ejercicio26\Ejercicio26.csproj", "{613A8941-8B52-4D9E-8818-E00C790F6955}"
EndProject
Project("{FAE04EC0-301F-11D3-BF4B-00C04F79EFBC}") = "Ejercicio23.BibliotecaMoneda", "Ejercicios Guia\Ejercicio23.BibliotecaMoneda\Ejercicio23.BibliotecaMoneda.csproj", "{1981CE1E-A6CF-409F-9FA6-23B614A87F8C}"
EndProject
Project("{FAE04EC0-301F-11D3-BF4B-00C04F79EFBC}") = "Ejercicio23.Forms", "Ejercicios Guia\Ejercicio23.Forms\Ejercicio23.Forms.csproj", "{6273B2A6-A941-4B12-86B7-E3BD9BF0C66D}"
EndProject
Project("{FAE04EC0-301F-11D3-BF4B-00C04F79EFBC}") = "Ejercicio27", "Ejercicio27\Ejercicio27.csproj", "{B2D0A524-D230-496D-9962-15E86752D65D}"
EndProject
Project("{FAE04EC0-301F-11D3-BF4B-00C04F79EFBC}") = "Ejercicio28", "Ejercicio28\Ejercicio28.csproj", "{8EA37637-F121-4077-A52A-664F9DA1644B}"
EndProject
Project("{FAE04EC0-301F-11D3-BF4B-00C04F79EFBC}") = "Ejercicio29", "Ejercicio29\Ejercicio29.csproj", "{1A27BDA5-714D-4619-9C90-465C64147E06}"
EndProject
Project("{FAE04EC0-301F-11D3-BF4B-00C04F79EFBC}") = "Ejercicio30", "Ejercicio30\Ejercicio30.csproj", "{0725FAD4-FC86-4FDD-ABAC-265EE56C23CD}"
EndProject
Project("{FAE04EC0-301F-11D3-BF4B-00C04F79EFBC}") = "Ejercicio31", "Ejercicio31\Ejercicio31.csproj", "{C04505C5-8AE6-4E5A-BC8C-05F3BC0F7F5C}"
EndProject
Global
	GlobalSection(SolutionConfigurationPlatforms) = preSolution
		Debug|Any CPU = Debug|Any CPU
		Release|Any CPU = Release|Any CPU
	EndGlobalSection
	GlobalSection(ProjectConfigurationPlatforms) = postSolution
		{AAF7D8C9-F1E8-4B1B-951F-EF6C12F59FB7}.Debug|Any CPU.ActiveCfg = Debug|Any CPU
		{AAF7D8C9-F1E8-4B1B-951F-EF6C12F59FB7}.Debug|Any CPU.Build.0 = Debug|Any CPU
		{AAF7D8C9-F1E8-4B1B-951F-EF6C12F59FB7}.Release|Any CPU.ActiveCfg = Release|Any CPU
		{AAF7D8C9-F1E8-4B1B-951F-EF6C12F59FB7}.Release|Any CPU.Build.0 = Release|Any CPU
		{EDDD2EDA-7BB8-4AB0-8B48-FB699814B418}.Debug|Any CPU.ActiveCfg = Debug|Any CPU
		{EDDD2EDA-7BB8-4AB0-8B48-FB699814B418}.Debug|Any CPU.Build.0 = Debug|Any CPU
		{EDDD2EDA-7BB8-4AB0-8B48-FB699814B418}.Release|Any CPU.ActiveCfg = Release|Any CPU
		{EDDD2EDA-7BB8-4AB0-8B48-FB699814B418}.Release|Any CPU.Build.0 = Release|Any CPU
		{92372B86-A30F-483B-BC82-624F97FCA696}.Debug|Any CPU.ActiveCfg = Debug|Any CPU
		{92372B86-A30F-483B-BC82-624F97FCA696}.Debug|Any CPU.Build.0 = Debug|Any CPU
		{92372B86-A30F-483B-BC82-624F97FCA696}.Release|Any CPU.ActiveCfg = Release|Any CPU
		{92372B86-A30F-483B-BC82-624F97FCA696}.Release|Any CPU.Build.0 = Release|Any CPU
		{4F1D4ED4-8103-450B-89A8-0CDB25714FC6}.Debug|Any CPU.ActiveCfg = Debug|Any CPU
		{4F1D4ED4-8103-450B-89A8-0CDB25714FC6}.Debug|Any CPU.Build.0 = Debug|Any CPU
		{4F1D4ED4-8103-450B-89A8-0CDB25714FC6}.Release|Any CPU.ActiveCfg = Release|Any CPU
		{4F1D4ED4-8103-450B-89A8-0CDB25714FC6}.Release|Any CPU.Build.0 = Release|Any CPU
		{D465EB12-16EA-4062-A90E-F0B16B8EE5E1}.Debug|Any CPU.ActiveCfg = Debug|Any CPU
		{D465EB12-16EA-4062-A90E-F0B16B8EE5E1}.Debug|Any CPU.Build.0 = Debug|Any CPU
		{D465EB12-16EA-4062-A90E-F0B16B8EE5E1}.Release|Any CPU.ActiveCfg = Release|Any CPU
		{D465EB12-16EA-4062-A90E-F0B16B8EE5E1}.Release|Any CPU.Build.0 = Release|Any CPU
		{97A2EA6B-D8E6-4070-BE11-28BA04998571}.Debug|Any CPU.ActiveCfg = Debug|Any CPU
		{97A2EA6B-D8E6-4070-BE11-28BA04998571}.Debug|Any CPU.Build.0 = Debug|Any CPU
		{97A2EA6B-D8E6-4070-BE11-28BA04998571}.Release|Any CPU.ActiveCfg = Release|Any CPU
		{97A2EA6B-D8E6-4070-BE11-28BA04998571}.Release|Any CPU.Build.0 = Release|Any CPU
		{7AC708B9-63D2-4490-B1D8-A92ACC6608E2}.Debug|Any CPU.ActiveCfg = Debug|Any CPU
		{7AC708B9-63D2-4490-B1D8-A92ACC6608E2}.Debug|Any CPU.Build.0 = Debug|Any CPU
		{7AC708B9-63D2-4490-B1D8-A92ACC6608E2}.Release|Any CPU.ActiveCfg = Release|Any CPU
		{7AC708B9-63D2-4490-B1D8-A92ACC6608E2}.Release|Any CPU.Build.0 = Release|Any CPU
		{D159CB33-72CB-4D60-B808-6CAED48C4657}.Debug|Any CPU.ActiveCfg = Debug|Any CPU
		{D159CB33-72CB-4D60-B808-6CAED48C4657}.Debug|Any CPU.Build.0 = Debug|Any CPU
		{D159CB33-72CB-4D60-B808-6CAED48C4657}.Release|Any CPU.ActiveCfg = Release|Any CPU
		{D159CB33-72CB-4D60-B808-6CAED48C4657}.Release|Any CPU.Build.0 = Release|Any CPU
		{3C9F7BE7-35BA-4635-A637-E489195B75BD}.Debug|Any CPU.ActiveCfg = Debug|Any CPU
		{3C9F7BE7-35BA-4635-A637-E489195B75BD}.Debug|Any CPU.Build.0 = Debug|Any CPU
		{3C9F7BE7-35BA-4635-A637-E489195B75BD}.Release|Any CPU.ActiveCfg = Release|Any CPU
		{3C9F7BE7-35BA-4635-A637-E489195B75BD}.Release|Any CPU.Build.0 = Release|Any CPU
		{1CBC7EC9-7562-4D7D-AEE1-DD632E193F64}.Debug|Any CPU.ActiveCfg = Debug|Any CPU
		{1CBC7EC9-7562-4D7D-AEE1-DD632E193F64}.Debug|Any CPU.Build.0 = Debug|Any CPU
		{1CBC7EC9-7562-4D7D-AEE1-DD632E193F64}.Release|Any CPU.ActiveCfg = Release|Any CPU
		{1CBC7EC9-7562-4D7D-AEE1-DD632E193F64}.Release|Any CPU.Build.0 = Release|Any CPU
		{3D277867-AC56-405E-901D-2FEAD50D4FD9}.Debug|Any CPU.ActiveCfg = Debug|Any CPU
		{3D277867-AC56-405E-901D-2FEAD50D4FD9}.Debug|Any CPU.Build.0 = Debug|Any CPU
		{3D277867-AC56-405E-901D-2FEAD50D4FD9}.Release|Any CPU.ActiveCfg = Release|Any CPU
		{3D277867-AC56-405E-901D-2FEAD50D4FD9}.Release|Any CPU.Build.0 = Release|Any CPU
		{4BB4BFE7-BA0B-44E2-A6BF-F5219463F8EC}.Debug|Any CPU.ActiveCfg = Debug|Any CPU
		{4BB4BFE7-BA0B-44E2-A6BF-F5219463F8EC}.Debug|Any CPU.Build.0 = Debug|Any CPU
		{4BB4BFE7-BA0B-44E2-A6BF-F5219463F8EC}.Release|Any CPU.ActiveCfg = Release|Any CPU
		{4BB4BFE7-BA0B-44E2-A6BF-F5219463F8EC}.Release|Any CPU.Build.0 = Release|Any CPU
		{90112A36-7A3F-404A-8606-0164847A1483}.Debug|Any CPU.ActiveCfg = Debug|Any CPU
		{90112A36-7A3F-404A-8606-0164847A1483}.Debug|Any CPU.Build.0 = Debug|Any CPU
		{90112A36-7A3F-404A-8606-0164847A1483}.Release|Any CPU.ActiveCfg = Release|Any CPU
		{90112A36-7A3F-404A-8606-0164847A1483}.Release|Any CPU.Build.0 = Release|Any CPU
		{2FB4EE8E-0427-4DBB-AC4C-CA63EF1CF638}.Debug|Any CPU.ActiveCfg = Debug|Any CPU
		{2FB4EE8E-0427-4DBB-AC4C-CA63EF1CF638}.Debug|Any CPU.Build.0 = Debug|Any CPU
		{2FB4EE8E-0427-4DBB-AC4C-CA63EF1CF638}.Release|Any CPU.ActiveCfg = Release|Any CPU
		{2FB4EE8E-0427-4DBB-AC4C-CA63EF1CF638}.Release|Any CPU.Build.0 = Release|Any CPU
		{46822F32-864C-4D97-843F-1F9742C564C9}.Debug|Any CPU.ActiveCfg = Debug|Any CPU
		{46822F32-864C-4D97-843F-1F9742C564C9}.Debug|Any CPU.Build.0 = Debug|Any CPU
		{46822F32-864C-4D97-843F-1F9742C564C9}.Release|Any CPU.ActiveCfg = Release|Any CPU
		{46822F32-864C-4D97-843F-1F9742C564C9}.Release|Any CPU.Build.0 = Release|Any CPU
		{A1010B8A-08DB-43E9-9B86-69C3E7AB58D5}.Debug|Any CPU.ActiveCfg = Debug|Any CPU
		{A1010B8A-08DB-43E9-9B86-69C3E7AB58D5}.Debug|Any CPU.Build.0 = Debug|Any CPU
		{A1010B8A-08DB-43E9-9B86-69C3E7AB58D5}.Release|Any CPU.ActiveCfg = Release|Any CPU
		{A1010B8A-08DB-43E9-9B86-69C3E7AB58D5}.Release|Any CPU.Build.0 = Release|Any CPU
		{BBC1A583-0E80-4518-9A6F-13F5830854A8}.Debug|Any CPU.ActiveCfg = Debug|Any CPU
		{BBC1A583-0E80-4518-9A6F-13F5830854A8}.Debug|Any CPU.Build.0 = Debug|Any CPU
		{BBC1A583-0E80-4518-9A6F-13F5830854A8}.Release|Any CPU.ActiveCfg = Release|Any CPU
		{BBC1A583-0E80-4518-9A6F-13F5830854A8}.Release|Any CPU.Build.0 = Release|Any CPU
		{56DF20BC-BCAA-495A-9534-EC3C2A6D97D9}.Debug|Any CPU.ActiveCfg = Debug|Any CPU
		{56DF20BC-BCAA-495A-9534-EC3C2A6D97D9}.Debug|Any CPU.Build.0 = Debug|Any CPU
		{56DF20BC-BCAA-495A-9534-EC3C2A6D97D9}.Release|Any CPU.ActiveCfg = Release|Any CPU
		{56DF20BC-BCAA-495A-9534-EC3C2A6D97D9}.Release|Any CPU.Build.0 = Release|Any CPU
		{456DE53C-ECB1-4EDB-BA61-EE5DB27A6643}.Debug|Any CPU.ActiveCfg = Debug|Any CPU
		{456DE53C-ECB1-4EDB-BA61-EE5DB27A6643}.Debug|Any CPU.Build.0 = Debug|Any CPU
		{456DE53C-ECB1-4EDB-BA61-EE5DB27A6643}.Release|Any CPU.ActiveCfg = Release|Any CPU
		{456DE53C-ECB1-4EDB-BA61-EE5DB27A6643}.Release|Any CPU.Build.0 = Release|Any CPU
		{22FC2BBA-3012-447D-8439-4B844F58E87A}.Debug|Any CPU.ActiveCfg = Debug|Any CPU
		{22FC2BBA-3012-447D-8439-4B844F58E87A}.Debug|Any CPU.Build.0 = Debug|Any CPU
		{22FC2BBA-3012-447D-8439-4B844F58E87A}.Release|Any CPU.ActiveCfg = Release|Any CPU
		{22FC2BBA-3012-447D-8439-4B844F58E87A}.Release|Any CPU.Build.0 = Release|Any CPU
		{66E65CBC-382B-496B-8EBE-512EA57C50A0}.Debug|Any CPU.ActiveCfg = Debug|Any CPU
		{66E65CBC-382B-496B-8EBE-512EA57C50A0}.Debug|Any CPU.Build.0 = Debug|Any CPU
		{66E65CBC-382B-496B-8EBE-512EA57C50A0}.Release|Any CPU.ActiveCfg = Release|Any CPU
		{66E65CBC-382B-496B-8EBE-512EA57C50A0}.Release|Any CPU.Build.0 = Release|Any CPU
		{413CB025-42F5-4EE8-86E2-15A6501603DA}.Debug|Any CPU.ActiveCfg = Debug|Any CPU
		{413CB025-42F5-4EE8-86E2-15A6501603DA}.Debug|Any CPU.Build.0 = Debug|Any CPU
		{413CB025-42F5-4EE8-86E2-15A6501603DA}.Release|Any CPU.ActiveCfg = Release|Any CPU
		{413CB025-42F5-4EE8-86E2-15A6501603DA}.Release|Any CPU.Build.0 = Release|Any CPU
		{7F1E5D39-4929-4438-B873-D14E781AD040}.Debug|Any CPU.ActiveCfg = Debug|Any CPU
		{7F1E5D39-4929-4438-B873-D14E781AD040}.Debug|Any CPU.Build.0 = Debug|Any CPU
		{7F1E5D39-4929-4438-B873-D14E781AD040}.Release|Any CPU.ActiveCfg = Release|Any CPU
		{7F1E5D39-4929-4438-B873-D14E781AD040}.Release|Any CPU.Build.0 = Release|Any CPU
		{F424CFF5-97E8-4B01-8E95-2EAD09A20F49}.Debug|Any CPU.ActiveCfg = Debug|Any CPU
		{F424CFF5-97E8-4B01-8E95-2EAD09A20F49}.Debug|Any CPU.Build.0 = Debug|Any CPU
		{F424CFF5-97E8-4B01-8E95-2EAD09A20F49}.Release|Any CPU.ActiveCfg = Release|Any CPU
		{F424CFF5-97E8-4B01-8E95-2EAD09A20F49}.Release|Any CPU.Build.0 = Release|Any CPU
		{B03209E7-8A07-4295-A74F-393668FED770}.Debug|Any CPU.ActiveCfg = Debug|Any CPU
		{B03209E7-8A07-4295-A74F-393668FED770}.Debug|Any CPU.Build.0 = Debug|Any CPU
		{B03209E7-8A07-4295-A74F-393668FED770}.Release|Any CPU.ActiveCfg = Release|Any CPU
		{B03209E7-8A07-4295-A74F-393668FED770}.Release|Any CPU.Build.0 = Release|Any CPU
		{80BBF493-B652-42FA-A782-1A1CBC4E1D71}.Debug|Any CPU.ActiveCfg = Debug|Any CPU
		{80BBF493-B652-42FA-A782-1A1CBC4E1D71}.Debug|Any CPU.Build.0 = Debug|Any CPU
		{80BBF493-B652-42FA-A782-1A1CBC4E1D71}.Release|Any CPU.ActiveCfg = Release|Any CPU
		{80BBF493-B652-42FA-A782-1A1CBC4E1D71}.Release|Any CPU.Build.0 = Release|Any CPU
		{7CBA7B91-24F2-4CDD-882A-444308B70516}.Debug|Any CPU.ActiveCfg = Debug|Any CPU
		{7CBA7B91-24F2-4CDD-882A-444308B70516}.Debug|Any CPU.Build.0 = Debug|Any CPU
		{7CBA7B91-24F2-4CDD-882A-444308B70516}.Release|Any CPU.ActiveCfg = Release|Any CPU
		{7CBA7B91-24F2-4CDD-882A-444308B70516}.Release|Any CPU.Build.0 = Release|Any CPU
		{9B0001D8-B1E9-425A-9719-D6F788B72244}.Debug|Any CPU.ActiveCfg = Debug|Any CPU
		{9B0001D8-B1E9-425A-9719-D6F788B72244}.Debug|Any CPU.Build.0 = Debug|Any CPU
		{9B0001D8-B1E9-425A-9719-D6F788B72244}.Release|Any CPU.ActiveCfg = Release|Any CPU
		{9B0001D8-B1E9-425A-9719-D6F788B72244}.Release|Any CPU.Build.0 = Release|Any CPU
		{5CC45DF9-42EA-4F9E-8808-03403DEFC129}.Debug|Any CPU.ActiveCfg = Debug|Any CPU
		{5CC45DF9-42EA-4F9E-8808-03403DEFC129}.Debug|Any CPU.Build.0 = Debug|Any CPU
		{5CC45DF9-42EA-4F9E-8808-03403DEFC129}.Release|Any CPU.ActiveCfg = Release|Any CPU
		{5CC45DF9-42EA-4F9E-8808-03403DEFC129}.Release|Any CPU.Build.0 = Release|Any CPU
		{04DACF59-2128-49CE-B8DD-B2F5F4F8B2B2}.Debug|Any CPU.ActiveCfg = Debug|Any CPU
		{04DACF59-2128-49CE-B8DD-B2F5F4F8B2B2}.Debug|Any CPU.Build.0 = Debug|Any CPU
		{04DACF59-2128-49CE-B8DD-B2F5F4F8B2B2}.Release|Any CPU.ActiveCfg = Release|Any CPU
		{04DACF59-2128-49CE-B8DD-B2F5F4F8B2B2}.Release|Any CPU.Build.0 = Release|Any CPU
		{438FFED9-EAF2-4EF1-BA74-F801E76BADFD}.Debug|Any CPU.ActiveCfg = Debug|Any CPU
		{438FFED9-EAF2-4EF1-BA74-F801E76BADFD}.Debug|Any CPU.Build.0 = Debug|Any CPU
		{438FFED9-EAF2-4EF1-BA74-F801E76BADFD}.Release|Any CPU.ActiveCfg = Release|Any CPU
		{438FFED9-EAF2-4EF1-BA74-F801E76BADFD}.Release|Any CPU.Build.0 = Release|Any CPU
		{F0C3CE30-AA44-4CA9-80B6-EA9F0D066A9B}.Debug|Any CPU.ActiveCfg = Debug|Any CPU
		{F0C3CE30-AA44-4CA9-80B6-EA9F0D066A9B}.Debug|Any CPU.Build.0 = Debug|Any CPU
		{F0C3CE30-AA44-4CA9-80B6-EA9F0D066A9B}.Release|Any CPU.ActiveCfg = Release|Any CPU
		{F0C3CE30-AA44-4CA9-80B6-EA9F0D066A9B}.Release|Any CPU.Build.0 = Release|Any CPU
		{613A8941-8B52-4D9E-8818-E00C790F6955}.Debug|Any CPU.ActiveCfg = Debug|Any CPU
		{613A8941-8B52-4D9E-8818-E00C790F6955}.Debug|Any CPU.Build.0 = Debug|Any CPU
		{613A8941-8B52-4D9E-8818-E00C790F6955}.Release|Any CPU.ActiveCfg = Release|Any CPU
		{613A8941-8B52-4D9E-8818-E00C790F6955}.Release|Any CPU.Build.0 = Release|Any CPU
		{1981CE1E-A6CF-409F-9FA6-23B614A87F8C}.Debug|Any CPU.ActiveCfg = Debug|Any CPU
		{1981CE1E-A6CF-409F-9FA6-23B614A87F8C}.Debug|Any CPU.Build.0 = Debug|Any CPU
		{1981CE1E-A6CF-409F-9FA6-23B614A87F8C}.Release|Any CPU.ActiveCfg = Release|Any CPU
		{1981CE1E-A6CF-409F-9FA6-23B614A87F8C}.Release|Any CPU.Build.0 = Release|Any CPU
		{6273B2A6-A941-4B12-86B7-E3BD9BF0C66D}.Debug|Any CPU.ActiveCfg = Debug|Any CPU
		{6273B2A6-A941-4B12-86B7-E3BD9BF0C66D}.Debug|Any CPU.Build.0 = Debug|Any CPU
		{6273B2A6-A941-4B12-86B7-E3BD9BF0C66D}.Release|Any CPU.ActiveCfg = Release|Any CPU
		{6273B2A6-A941-4B12-86B7-E3BD9BF0C66D}.Release|Any CPU.Build.0 = Release|Any CPU
		{B2D0A524-D230-496D-9962-15E86752D65D}.Debug|Any CPU.ActiveCfg = Debug|Any CPU
		{B2D0A524-D230-496D-9962-15E86752D65D}.Debug|Any CPU.Build.0 = Debug|Any CPU
		{B2D0A524-D230-496D-9962-15E86752D65D}.Release|Any CPU.ActiveCfg = Release|Any CPU
		{B2D0A524-D230-496D-9962-15E86752D65D}.Release|Any CPU.Build.0 = Release|Any CPU
		{8EA37637-F121-4077-A52A-664F9DA1644B}.Debug|Any CPU.ActiveCfg = Debug|Any CPU
		{8EA37637-F121-4077-A52A-664F9DA1644B}.Debug|Any CPU.Build.0 = Debug|Any CPU
		{8EA37637-F121-4077-A52A-664F9DA1644B}.Release|Any CPU.ActiveCfg = Release|Any CPU
		{8EA37637-F121-4077-A52A-664F9DA1644B}.Release|Any CPU.Build.0 = Release|Any CPU
		{1A27BDA5-714D-4619-9C90-465C64147E06}.Debug|Any CPU.ActiveCfg = Debug|Any CPU
		{1A27BDA5-714D-4619-9C90-465C64147E06}.Debug|Any CPU.Build.0 = Debug|Any CPU
		{1A27BDA5-714D-4619-9C90-465C64147E06}.Release|Any CPU.ActiveCfg = Release|Any CPU
		{1A27BDA5-714D-4619-9C90-465C64147E06}.Release|Any CPU.Build.0 = Release|Any CPU
		{0725FAD4-FC86-4FDD-ABAC-265EE56C23CD}.Debug|Any CPU.ActiveCfg = Debug|Any CPU
		{0725FAD4-FC86-4FDD-ABAC-265EE56C23CD}.Debug|Any CPU.Build.0 = Debug|Any CPU
		{0725FAD4-FC86-4FDD-ABAC-265EE56C23CD}.Release|Any CPU.ActiveCfg = Release|Any CPU
		{0725FAD4-FC86-4FDD-ABAC-265EE56C23CD}.Release|Any CPU.Build.0 = Release|Any CPU
		{C04505C5-8AE6-4E5A-BC8C-05F3BC0F7F5C}.Debug|Any CPU.ActiveCfg = Debug|Any CPU
		{C04505C5-8AE6-4E5A-BC8C-05F3BC0F7F5C}.Debug|Any CPU.Build.0 = Debug|Any CPU
		{C04505C5-8AE6-4E5A-BC8C-05F3BC0F7F5C}.Release|Any CPU.ActiveCfg = Release|Any CPU
		{C04505C5-8AE6-4E5A-BC8C-05F3BC0F7F5C}.Release|Any CPU.Build.0 = Release|Any CPU
	EndGlobalSection
	GlobalSection(SolutionProperties) = preSolution
		HideSolutionNode = FALSE
	EndGlobalSection
	GlobalSection(NestedProjects) = preSolution
		{AAF7D8C9-F1E8-4B1B-951F-EF6C12F59FB7} = {4AD0C836-0BD9-4758-AA6F-6B29F855B90A}
		{EDDD2EDA-7BB8-4AB0-8B48-FB699814B418} = {4AD0C836-0BD9-4758-AA6F-6B29F855B90A}
		{92372B86-A30F-483B-BC82-624F97FCA696} = {4AD0C836-0BD9-4758-AA6F-6B29F855B90A}
		{4F1D4ED4-8103-450B-89A8-0CDB25714FC6} = {4AD0C836-0BD9-4758-AA6F-6B29F855B90A}
		{D465EB12-16EA-4062-A90E-F0B16B8EE5E1} = {4AD0C836-0BD9-4758-AA6F-6B29F855B90A}
		{97A2EA6B-D8E6-4070-BE11-28BA04998571} = {4AD0C836-0BD9-4758-AA6F-6B29F855B90A}
		{7AC708B9-63D2-4490-B1D8-A92ACC6608E2} = {4AD0C836-0BD9-4758-AA6F-6B29F855B90A}
		{D159CB33-72CB-4D60-B808-6CAED48C4657} = {4AD0C836-0BD9-4758-AA6F-6B29F855B90A}
		{3C9F7BE7-35BA-4635-A637-E489195B75BD} = {4AD0C836-0BD9-4758-AA6F-6B29F855B90A}
		{1CBC7EC9-7562-4D7D-AEE1-DD632E193F64} = {4AD0C836-0BD9-4758-AA6F-6B29F855B90A}
		{3D277867-AC56-405E-901D-2FEAD50D4FD9} = {4AD0C836-0BD9-4758-AA6F-6B29F855B90A}
		{4BB4BFE7-BA0B-44E2-A6BF-F5219463F8EC} = {4AD0C836-0BD9-4758-AA6F-6B29F855B90A}
		{90112A36-7A3F-404A-8606-0164847A1483} = {4AD0C836-0BD9-4758-AA6F-6B29F855B90A}
		{2FB4EE8E-0427-4DBB-AC4C-CA63EF1CF638} = {4AD0C836-0BD9-4758-AA6F-6B29F855B90A}
		{46822F32-864C-4D97-843F-1F9742C564C9} = {4AD0C836-0BD9-4758-AA6F-6B29F855B90A}
		{A1010B8A-08DB-43E9-9B86-69C3E7AB58D5} = {4AD0C836-0BD9-4758-AA6F-6B29F855B90A}
		{BBC1A583-0E80-4518-9A6F-13F5830854A8} = {4AD0C836-0BD9-4758-AA6F-6B29F855B90A}
		{56DF20BC-BCAA-495A-9534-EC3C2A6D97D9} = {4AD0C836-0BD9-4758-AA6F-6B29F855B90A}
		{456DE53C-ECB1-4EDB-BA61-EE5DB27A6643} = {4AD0C836-0BD9-4758-AA6F-6B29F855B90A}
		{22FC2BBA-3012-447D-8439-4B844F58E87A} = {4AD0C836-0BD9-4758-AA6F-6B29F855B90A}
		{66E65CBC-382B-496B-8EBE-512EA57C50A0} = {4AD0C836-0BD9-4758-AA6F-6B29F855B90A}
		{413CB025-42F5-4EE8-86E2-15A6501603DA} = {EA6E22B7-ED2C-4B44-8BA1-67E5054C2D4C}
		{7F1E5D39-4929-4438-B873-D14E781AD040} = {BAFE0C3C-CA57-4EDC-BE65-EB6C8FA045F9}
		{F424CFF5-97E8-4B01-8E95-2EAD09A20F49} = {BAFE0C3C-CA57-4EDC-BE65-EB6C8FA045F9}
		{B03209E7-8A07-4295-A74F-393668FED770} = {E744E0B6-2C0D-45A2-964B-FFEC0EF604BE}
		{80BBF493-B652-42FA-A782-1A1CBC4E1D71} = {E744E0B6-2C0D-45A2-964B-FFEC0EF604BE}
		{7CBA7B91-24F2-4CDD-882A-444308B70516} = {79B1F0B7-AA21-4E7F-A923-A48E5A5C2ADD}
		{9B0001D8-B1E9-425A-9719-D6F788B72244} = {EB222B65-4AE7-4728-BED9-C47E40989995}
		{5CC45DF9-42EA-4F9E-8808-03403DEFC129} = {EB222B65-4AE7-4728-BED9-C47E40989995}
		{04DACF59-2128-49CE-B8DD-B2F5F4F8B2B2} = {EB222B65-4AE7-4728-BED9-C47E40989995}
		{438FFED9-EAF2-4EF1-BA74-F801E76BADFD} = {79B1F0B7-AA21-4E7F-A923-A48E5A5C2ADD}
		{625FA021-B6A4-46AF-A731-9945B5520B96} = {4AD0C836-0BD9-4758-AA6F-6B29F855B90A}
		{F0C3CE30-AA44-4CA9-80B6-EA9F0D066A9B} = {BAFE0C3C-CA57-4EDC-BE65-EB6C8FA045F9}
		{BAFE0C3C-CA57-4EDC-BE65-EB6C8FA045F9} = {79B1F0B7-AA21-4E7F-A923-A48E5A5C2ADD}
		{EA6E22B7-ED2C-4B44-8BA1-67E5054C2D4C} = {79B1F0B7-AA21-4E7F-A923-A48E5A5C2ADD}
		{E744E0B6-2C0D-45A2-964B-FFEC0EF604BE} = {79B1F0B7-AA21-4E7F-A923-A48E5A5C2ADD}
		{EB222B65-4AE7-4728-BED9-C47E40989995} = {79B1F0B7-AA21-4E7F-A923-A48E5A5C2ADD}
		{613A8941-8B52-4D9E-8818-E00C790F6955} = {4AD0C836-0BD9-4758-AA6F-6B29F855B90A}
		{1981CE1E-A6CF-409F-9FA6-23B614A87F8C} = {625FA021-B6A4-46AF-A731-9945B5520B96}
		{6273B2A6-A941-4B12-86B7-E3BD9BF0C66D} = {625FA021-B6A4-46AF-A731-9945B5520B96}
		{B2D0A524-D230-496D-9962-15E86752D65D} = {4AD0C836-0BD9-4758-AA6F-6B29F855B90A}
		{8EA37637-F121-4077-A52A-664F9DA1644B} = {4AD0C836-0BD9-4758-AA6F-6B29F855B90A}
		{1A27BDA5-714D-4619-9C90-465C64147E06} = {4AD0C836-0BD9-4758-AA6F-6B29F855B90A}
		{0725FAD4-FC86-4FDD-ABAC-265EE56C23CD} = {4AD0C836-0BD9-4758-AA6F-6B29F855B90A}
		{C04505C5-8AE6-4E5A-BC8C-05F3BC0F7F5C} = {4AD0C836-0BD9-4758-AA6F-6B29F855B90A}
	EndGlobalSection
	GlobalSection(ExtensibilityGlobals) = postSolution
		SolutionGuid = {54DFEB75-19DA-4427-9207-B1B1728C313D}
	EndGlobalSection
EndGlobal
