
Microsoft Visual Studio Solution File, Format Version 12.00
# Visual Studio 15
VisualStudioVersion = 15.0.27703.2047
MinimumVisualStudioVersion = 10.0.40219.1
Project("{2150E333-8FDC-42A3-9474-1A3956D46DE8}") = "Ejercicios Guia", "Ejercicios Guia", "{4AD0C836-0BD9-4758-AA6F-6B29F855B90A}"
EndProject
Project("{FAE04EC0-301F-11D3-BF4B-00C04F79EFBC}") = "Ejercicio00", "Ejercicios Guia\Ejercicio00\Ejercicio 00\Ejercicio00.csproj", "{AAF7D8C9-F1E8-4B1B-951F-EF6C12F59FB7}"
EndProject
Project("{FAE04EC0-301F-11D3-BF4B-00C04F79EFBC}") = "Ejercicio01", "Ejercicios Guia\Ejercicio01\Ejercicio01\Ejercicio01.csproj", "{EDDD2EDA-7BB8-4AB0-8B48-FB699814B418}"
EndProject
Project("{FAE04EC0-301F-11D3-BF4B-00C04F79EFBC}") = "Ejercicio02", "Ejercicios Guia\Ejercicio 02\Ejercicio02.csproj", "{92372B86-A30F-483B-BC82-624F97FCA696}"
EndProject
Project("{FAE04EC0-301F-11D3-BF4B-00C04F79EFBC}") = "Ejercicio03", "Ejercicios Guia\Ejercicio03\Ejercicio03.csproj", "{4F1D4ED4-8103-450B-89A8-0CDB25714FC6}"
EndProject
Project("{FAE04EC0-301F-11D3-BF4B-00C04F79EFBC}") = "Ejercicio04", "Ejercicios Guia\Ejercicio04\Ejercicio04.csproj", "{D465EB12-16EA-4062-A90E-F0B16B8EE5E1}"
EndProject
Project("{FAE04EC0-301F-11D3-BF4B-00C04F79EFBC}") = "Ejercicio05", "Ejercicios Guia\Ejercicio05\Ejercicio05.csproj", "{97A2EA6B-D8E6-4070-BE11-28BA04998571}"
EndProject
Project("{FAE04EC0-301F-11D3-BF4B-00C04F79EFBC}") = "Ejercicio06", "Ejercicios Guia\Ejercicio06\Ejercicio06.csproj", "{7AC708B9-63D2-4490-B1D8-A92ACC6608E2}"
EndProject
Project("{FAE04EC0-301F-11D3-BF4B-00C04F79EFBC}") = "Ejercicio07", "Ejercicios Guia\Ejercicio07\Ejercicio07.csproj", "{D159CB33-72CB-4D60-B808-6CAED48C4657}"
EndProject
Project("{FAE04EC0-301F-11D3-BF4B-00C04F79EFBC}") = "Ejercicio08", "Ejercicios Guia\Ejercicio08\Ejercicio08.csproj", "{3C9F7BE7-35BA-4635-A637-E489195B75BD}"
EndProject
Project("{FAE04EC0-301F-11D3-BF4B-00C04F79EFBC}") = "Ejercicio09", "Ejercicios Guia\Ejercicio09\Ejercicio09.csproj", "{1CBC7EC9-7562-4D7D-AEE1-DD632E193F64}"
EndProject
Project("{FAE04EC0-301F-11D3-BF4B-00C04F79EFBC}") = "Ejercicio10", "Ejercicios Guia\Ejercicio10\Ejercicio10.csproj", "{3D277867-AC56-405E-901D-2FEAD50D4FD9}"
EndProject
Project("{FAE04EC0-301F-11D3-BF4B-00C04F79EFBC}") = "Ejercicio11", "Ejercicios Guia\Ejercicio11\Ejercicio11.csproj", "{4BB4BFE7-BA0B-44E2-A6BF-F5219463F8EC}"
EndProject
Project("{FAE04EC0-301F-11D3-BF4B-00C04F79EFBC}") = "Ejercicio12", "Ejercicios Guia\Ejercicio12\Ejercicio12.csproj", "{90112A36-7A3F-404A-8606-0164847A1483}"
EndProject
Project("{FAE04EC0-301F-11D3-BF4B-00C04F79EFBC}") = "Ejercicio13", "Ejercicios Guia\Ejercicio13\Ejercicio13.csproj", "{2FB4EE8E-0427-4DBB-AC4C-CA63EF1CF638}"
EndProject
Project("{FAE04EC0-301F-11D3-BF4B-00C04F79EFBC}") = "Ejercicio14", "Ejercicios Guia\Ejercicio14\Ejercicio14.csproj", "{46822F32-864C-4D97-843F-1F9742C564C9}"
EndProject
Project("{FAE04EC0-301F-11D3-BF4B-00C04F79EFBC}") = "Ejercicio15", "Ejercicios Guia\Ejercicio15\Ejercicio15.csproj", "{A1010B8A-08DB-43E9-9B86-69C3E7AB58D5}"
EndProject
Project("{FAE04EC0-301F-11D3-BF4B-00C04F79EFBC}") = "Ejercicio16", "Ejercicios Guia\Ejercicio16\Ejercicio16.csproj", "{BBC1A583-0E80-4518-9A6F-13F5830854A8}"
EndProject
Project("{FAE04EC0-301F-11D3-BF4B-00C04F79EFBC}") = "Ejercicio17", "Ejercicios Guia\Ejercicio17\Ejercicio17.csproj", "{56DF20BC-BCAA-495A-9534-EC3C2A6D97D9}"
EndProject
Project("{FAE04EC0-301F-11D3-BF4B-00C04F79EFBC}") = "Ejercicio18", "Ejercicios Guia\Ejercicio18\Ejercicio18.csproj", "{456DE53C-ECB1-4EDB-BA61-EE5DB27A6643}"
EndProject
Project("{FAE04EC0-301F-11D3-BF4B-00C04F79EFBC}") = "Ejercicio19", "Ejercicios Guia\Ejercicio19\Ejercicio19.csproj", "{22FC2BBA-3012-447D-8439-4B844F58E87A}"
EndProject
Project("{FAE04EC0-301F-11D3-BF4B-00C04F79EFBC}") = "Ejercicio20", "Ejercicios Guia\Ejercicio20\Ejercicio20.csproj", "{66E65CBC-382B-496B-8EBE-512EA57C50A0}"
EndProject
Project("{2150E333-8FDC-42A3-9474-1A3956D46DE8}") = "EjerciciosClase", "EjerciciosClase", "{79B1F0B7-AA21-4E7F-A923-A48E5A5C2ADD}"
EndProject
Project("{FAE04EC0-301F-11D3-BF4B-00C04F79EFBC}") = "Clase02", "Clase 02\Clase02.csproj", "{413CB025-42F5-4EE8-86E2-15A6501603DA}"
EndProject
Project("{FAE04EC0-301F-11D3-BF4B-00C04F79EFBC}") = "Clase04", "Clase 04\Clase04exe\Clase04.csproj", "{7F1E5D39-4929-4438-B873-D14E781AD040}"
EndProject
Project("{FAE04EC0-301F-11D3-BF4B-00C04F79EFBC}") = "WindowsFormCosa(04)", "Clase 04\clase04_Sobrecargas_CL_WF\WindowsFormCosa\WindowsFormCosa(04).csproj", "{F424CFF5-97E8-4B01-8E95-2EAD09A20F49}"
EndProject
Project("{FAE04EC0-301F-11D3-BF4B-00C04F79EFBC}") = "Clase05", "Clase05\Clase05\Clase05.csproj", "{B03209E7-8A07-4295-A74F-393668FED770}"
EndProject
Project("{FAE04EC0-301F-11D3-BF4B-00C04F79EFBC}") = "Sobrecarga.Operadores.2018(05)", "Clase05\Sobrecarga.Operadores.2018\Sobrecarga.Operadores.2018\Sobrecarga.Operadores.2018(05).csproj", "{80BBF493-B652-42FA-A782-1A1CBC4E1D71}"
EndProject
Project("{FAE04EC0-301F-11D3-BF4B-00C04F79EFBC}") = "clase06", "clase06\clase06.csproj", "{7CBA7B91-24F2-4CDD-882A-444308B70516}"
EndProject
Project("{FAE04EC0-301F-11D3-BF4B-00C04F79EFBC}") = "Clase07", "Clase07\Clase07\Clase07.csproj", "{9B0001D8-B1E9-425A-9719-D6F788B72244}"
EndProject
Project("{9A19103F-16F7-4668-BE54-9A1E7A4F7556}") = "Entidades(07)", "Clase07\Entidades\Entidades(07).csproj", "{5CC45DF9-42EA-4F9E-8808-03403DEFC129}"
EndProject
Project("{FAE04EC0-301F-11D3-BF4B-00C04F79EFBC}") = "EntidadesClase07", "Clase07\EntidadesClase07\EntidadesClase07.csproj", "{04DACF59-2128-49CE-B8DD-B2F5F4F8B2B2}"
EndProject
Project("{FAE04EC0-301F-11D3-BF4B-00C04F79EFBC}") = "Clase08", "Clase08\Clase08.csproj", "{438FFED9-EAF2-4EF1-BA74-F801E76BADFD}"
EndProject
Project("{2150E333-8FDC-42A3-9474-1A3956D46DE8}") = "Ejercicio23", "Ejercicio23", "{625FA021-B6A4-46AF-A731-9945B5520B96}"
EndProject
Project("{FAE04EC0-301F-11D3-BF4B-00C04F79EFBC}") = "Entidades(04)", "Clase 04\clase04_Sobrecargas_CL_WF\Entidades\Entidades(04).csproj", "{F0C3CE30-AA44-4CA9-80B6-EA9F0D066A9B}"
EndProject
Project("{2150E333-8FDC-42A3-9474-1A3956D46DE8}") = "Clase04", "Clase04", "{BAFE0C3C-CA57-4EDC-BE65-EB6C8FA045F9}"
EndProject
Project("{2150E333-8FDC-42A3-9474-1A3956D46DE8}") = "Clase02 03", "Clase02 03", "{EA6E22B7-ED2C-4B44-8BA1-67E5054C2D4C}"
EndProject
Project("{2150E333-8FDC-42A3-9474-1A3956D46DE8}") = "Clase05", "Clase05", "{E744E0B6-2C0D-45A2-964B-FFEC0EF604BE}"
EndProject
Project("{2150E333-8FDC-42A3-9474-1A3956D46DE8}") = "Clase07", "Clase07", "{EB222B65-4AE7-4728-BED9-C47E40989995}"
EndProject
Project("{FAE04EC0-301F-11D3-BF4B-00C04F79EFBC}") = "Ejercicio26", "Ejercicios Guia\Ejercicio26\Ejercicio26.csproj", "{613A8941-8B52-4D9E-8818-E00C790F6955}"
EndProject
Project("{FAE04EC0-301F-11D3-BF4B-00C04F79EFBC}") = "Ejercicio23.BibliotecaMoneda", "Ejercicios Guia\Ejercicio23.BibliotecaMoneda\Ejercicio23.BibliotecaMoneda.csproj", "{1981CE1E-A6CF-409F-9FA6-23B614A87F8C}"
EndProject
Project("{FAE04EC0-301F-11D3-BF4B-00C04F79EFBC}") = "Ejercicio23.Forms", "Ejercicios Guia\Ejercicio23.Forms\Ejercicio23.Forms.csproj", "{6273B2A6-A941-4B12-86B7-E3BD9BF0C66D}"
EndProject
Project("{FAE04EC0-301F-11D3-BF4B-00C04F79EFBC}") = "Ejercicio27", "Ejercicio27\Ejercicio27.csproj", "{B2D0A524-D230-496D-9962-15E86752D65D}"
EndProject
Project("{FAE04EC0-301F-11D3-BF4B-00C04F79EFBC}") = "Ejercicio28", "Ejercicio28\Ejercicio28.csproj", "{8EA37637-F121-4077-A52A-664F9DA1644B}"
EndProject
Project("{FAE04EC0-301F-11D3-BF4B-00C04F79EFBC}") = "Ejercicio29", "Ejercicio29\Ejercicio29.csproj", "{1A27BDA5-714D-4619-9C90-465C64147E06}"
EndProject
Project("{FAE04EC0-301F-11D3-BF4B-00C04F79EFBC}") = "Ejercicio30", "Ejercicio30\Ejercicio30.csproj", "{0725FAD4-FC86-4FDD-ABAC-265EE56C23CD}"
EndProject
Project("{FAE04EC0-301F-11D3-BF4B-00C04F79EFBC}") = "Ejercicio31", "Ejercicio31\Ejercicio31.csproj", "{C04505C5-8AE6-4E5A-BC8C-05F3BC0F7F5C}"
EndProject
Project("{FAE04EC0-301F-11D3-BF4B-00C04F79EFBC}") = "Ejercicio33", "Ejercicio33\Ejercicio33.csproj", "{568DCF8E-B984-401F-B5FF-58965C124856}"
EndProject
Project("{2150E333-8FDC-42A3-9474-1A3956D46DE8}") = "MPP", "MPP", "{A205886A-0104-4D2C-BBAF-3D14E8066191}"
EndProject
Project("{FAE04EC0-301F-11D3-BF4B-00C04F79EFBC}") = "TestLavadero(pp)", "mpp\TestLavadero(pp)\TestLavadero(pp).csproj", "{65ABCD44-B3AF-4542-80E8-0CAF630D36BD}"
EndProject
Project("{FAE04EC0-301F-11D3-BF4B-00C04F79EFBC}") = "Entidades", "mpp\Entidades\Entidades.csproj", "{BACB8A66-1178-489A-840D-258680DD1B4A}"
EndProject
Project("{2150E333-8FDC-42A3-9474-1A3956D46DE8}") = "Ejercicio34", "Ejercicio34", "{723ABDD1-F742-47D0-A127-C8B925EF1C67}"
EndProject
Project("{FAE04EC0-301F-11D3-BF4B-00C04F79EFBC}") = "Entidades", "Entidades\Entidades.csproj", "{70087989-8221-4275-B602-88BCE0AD3353}"
EndProject
Project("{FAE04EC0-301F-11D3-BF4B-00C04F79EFBC}") = "Ejercicio34Test", "Ejercicio34Test\Ejercicio34Test.csproj", "{5F46E7AF-AA03-4BDF-9D05-F911119CEE68}"
EndProject
Project("{FAE04EC0-301F-11D3-BF4B-00C04F79EFBC}") = "Ejercicio42", "Ejercicio42\Ejercicio42.csproj", "{70FF73AB-8720-4C10-AFF2-AA7927999FE5}"
EndProject
Project("{2150E333-8FDC-42A3-9474-1A3956D46DE8}") = "Ejercicio35", "Ejercicio35", "{B2114EFF-BFD9-46B4-9152-1ADB295D9AF3}"
EndProject
Project("{FAE04EC0-301F-11D3-BF4B-00C04F79EFBC}") = "Ejercicio32", "Ejercicio32\Ejercicio32.csproj", "{81D5C35F-3B41-418B-A8D9-B4ADCB393A62}"
EndProject
Project("{FAE04EC0-301F-11D3-BF4B-00C04F79EFBC}") = "Entidades35", "Entidades35\Entidades35.csproj", "{155E95FF-FA86-495D-8F8D-CEFAA04421F1}"
EndProject
Project("{FAE04EC0-301F-11D3-BF4B-00C04F79EFBC}") = "Test35", "Test35\Test35.csproj", "{A6193424-97B0-4B26-AF17-CBCD18E97CD2}"
EndProject
Project("{2150E333-8FDC-42A3-9474-1A3956D46DE8}") = "Ejercicio36", "Ejercicio36", "{78CA2B48-C52F-4054-A07C-ABAC019C6C2F}"
EndProject
Project("{FAE04EC0-301F-11D3-BF4B-00C04F79EFBC}") = "Entidades36", "Entidades36\Entidades36.csproj", "{BD74F333-6EF6-45CD-B84C-4AB354FBF8EB}"
EndProject
Project("{FAE04EC0-301F-11D3-BF4B-00C04F79EFBC}") = "Test36", "Test36\Test36.csproj", "{620BA527-B7B1-4ECC-A82C-76A92EEC1849}"
EndProject
Project("{2150E333-8FDC-42A3-9474-1A3956D46DE8}") = "Ejercicio37", "Ejercicio37", "{F7F41AAF-0EF6-4B04-A6C1-473094945330}"
EndProject
Project("{FAE04EC0-301F-11D3-BF4B-00C04F79EFBC}") = "Entidades37", "Entidades37\Entidades37.csproj", "{8EADE444-0309-4D90-BD12-C4B854925166}"
EndProject
Project("{FAE04EC0-301F-11D3-BF4B-00C04F79EFBC}") = "Test37", "Test37\Test37.csproj", "{63A2F5E1-6FF6-417D-9374-89394D1A26E5}"
EndProject
Project("{2150E333-8FDC-42A3-9474-1A3956D46DE8}") = "Clase14", "Clase14", "{B0F574A1-16CC-4713-94A4-BFFE68D8BD85}"
EndProject
Project("{FAE04EC0-301F-11D3-BF4B-00C04F79EFBC}") = "EntidadesClase14", "EntidadesClase14\EntidadesClase14.csproj", "{DF2874D9-5220-4A0C-8155-F0DE82378844}"
EndProject
Project("{2150E333-8FDC-42A3-9474-1A3956D46DE8}") = "Parte1", "Parte1", "{939C2A84-70A9-4648-94CC-414007A28F75}"
EndProject
Project("{2150E333-8FDC-42A3-9474-1A3956D46DE8}") = "Parte2", "Parte2", "{E51AAE28-EE27-4CB2-BE4C-85F92EB94CEE}"
EndProject
Project("{2150E333-8FDC-42A3-9474-1A3956D46DE8}") = "Parte3", "Parte3", "{2E2CD2C6-516D-4A47-A93B-AB8E64A36BC0}"
EndProject
Project("{FAE04EC0-301F-11D3-BF4B-00C04F79EFBC}") = "TestClase14", "Clase14\TestClase14\TestClase14.csproj", "{7CDD99B7-33B3-414D-AA8D-9BBACB38ED3B}"
EndProject
Project("{FAE04EC0-301F-11D3-BF4B-00C04F79EFBC}") = "EntidadesClase14-2", "Clase14\EntidadesClase14-2\EntidadesClase14-2.csproj", "{711EE523-E01F-4080-A6EC-E059D27F914D}"
EndProject
Project("{FAE04EC0-301F-11D3-BF4B-00C04F79EFBC}") = "TestClase14-2", "Clase14\TestClase14-2\TestClase14-2.csproj", "{9AEACC00-29C9-4E2C-B356-BADA664C4394}"
EndProject
Project("{FAE04EC0-301F-11D3-BF4B-00C04F79EFBC}") = "TestClase14-3", "Clase14\TestClase14-3\TestClase14-3.csproj", "{B974C600-8897-4BE3-94A1-47F585E0ED78}"
EndProject
Project("{FAE04EC0-301F-11D3-BF4B-00C04F79EFBC}") = "EntidadesClase14-3", "Clase14\EntidadesClase14-3\EntidadesClase14-3.csproj", "{4EC1D7DE-C9EC-4E13-A123-134740D63F95}"
EndProject
Project("{FAE04EC0-301F-11D3-BF4B-00C04F79EFBC}") = "EntidadesClase14-1", "Clase14\EntidadesClase14-1\EntidadesClase14-1.csproj", "{6BEBAC11-00CA-485F-A50F-30A3A8E9EE63}"
EndProject
Project("{FAE04EC0-301F-11D3-BF4B-00C04F79EFBC}") = "Ejercicio38", "Ejercicio38\Ejercicio38.csproj", "{A0F7E7D0-B227-4CF0-B09D-987124325C13}"
EndProject
Project("{FAE04EC0-301F-11D3-BF4B-00C04F79EFBC}") = "Ejercicio39", "Ejercicio39\Ejercicio39.csproj", "{EDE2B87E-AF11-4BC1-8959-4A7C7D061949}"
EndProject
Project("{2150E333-8FDC-42A3-9474-1A3956D46DE8}") = "Ejercicio40", "Ejercicio40", "{D207BA44-71F7-4113-A371-60C4DFB505B0}"
EndProject
Project("{FAE04EC0-301F-11D3-BF4B-00C04F79EFBC}") = "TestEjercicio40", "TestEjercicio40\TestEjercicio40.csproj", "{1A6F32D9-9FE5-41E5-8F14-E8EBB6042ECB}"
EndProject
Project("{FAE04EC0-301F-11D3-BF4B-00C04F79EFBC}") = "EntidadesEjercicio40", "EntidadesEjercicio40\EntidadesEjercicio40.csproj", "{BDE6E8E8-E7A7-4280-B4D7-E79791C4AFEB}"
EndProject
Project("{2150E333-8FDC-42A3-9474-1A3956D46DE8}") = "Clase15", "Clase15", "{30EDC23A-F170-4CE7-9631-81CB20594F3D}"
EndProject
Project("{2150E333-8FDC-42A3-9474-1A3956D46DE8}") = "Ejercicio", "Ejercicio", "{4533A140-9EA0-448F-AA33-B1BBC68A87C4}"
EndProject
Project("{FAE04EC0-301F-11D3-BF4B-00C04F79EFBC}") = "TestEjercicio40-Form", "TestEjercicio40-Form\TestEjercicio40-Form.csproj", "{9A750ECC-1E89-45A0-8F86-B30F22D41F32}"
EndProject
Project("{2150E333-8FDC-42A3-9474-1A3956D46DE8}") = "Ejercicio41", "Ejercicio41", "{D6BE3472-ACFC-49ED-95C7-7AD5BEB20903}"
EndProject
Project("{FAE04EC0-301F-11D3-BF4B-00C04F79EFBC}") = "Entidades41", "Entidades41\Entidades41.csproj", "{0375851C-87AA-43AD-B3C9-76E466A76713}"
EndProject
Project("{FAE04EC0-301F-11D3-BF4B-00C04F79EFBC}") = "TestEjercicio41", "TestEjercicio41\TestEjercicio41.csproj", "{DD5C379C-2E57-4197-BA6F-C9B8670C0825}"
EndProject
Project("{2150E333-8FDC-42A3-9474-1A3956D46DE8}") = "Ejercicio43", "Ejercicio43", "{2817189C-4795-430A-B8FD-222E2629DDF6}"
EndProject
Project("{FAE04EC0-301F-11D3-BF4B-00C04F79EFBC}") = "Entidades43", "Entidades43\Entidades43.csproj", "{2457F480-8440-4E62-9D08-423084639278}"
EndProject
Project("{FAE04EC0-301F-11D3-BF4B-00C04F79EFBC}") = "TestEjercicio43", "TestEjercicio43\TestEjercicio43.csproj", "{A0667C96-CAA5-426E-A77E-418F5718D326}"
EndProject
Project("{2150E333-8FDC-42A3-9474-1A3956D46DE8}") = "Ejercicio47", "Ejercicio47", "{9DA18422-5EAA-4E71-BBB6-2AE9E6FC150F}"
EndProject
Project("{FAE04EC0-301F-11D3-BF4B-00C04F79EFBC}") = "TestEjercicio47", "Ejercicio47\TestEjercicio47.csproj", "{BA9F768B-93D7-46E6-8936-FD1925E3A4B8}"
EndProject
Project("{FAE04EC0-301F-11D3-BF4B-00C04F79EFBC}") = "Entidades47", "Entidades47\Entidades47.csproj", "{B97E7B19-BF4A-4C8E-8041-C5C1046C798F}"
EndProject
Project("{2150E333-8FDC-42A3-9474-1A3956D46DE8}") = "Ejercicio48", "Ejercicio48", "{206001C6-2CB4-40CE-8F11-FCECA7FB6F52}"
EndProject
Project("{FAE04EC0-301F-11D3-BF4B-00C04F79EFBC}") = "Entidades48", "Entidades48\Entidades48.csproj", "{88342590-47FB-45B6-B77E-37F99DA550CB}"
EndProject
Project("{FAE04EC0-301F-11D3-BF4B-00C04F79EFBC}") = "TestEjercicio48", "TestEjercicio48\TestEjercicio48.csproj", "{8A8AB9DB-8BCB-4711-9E21-017FB4832673}"
EndProject
Project("{2150E333-8FDC-42A3-9474-1A3956D46DE8}") = "Clase16", "Clase16", "{21FA97C9-C338-46B6-9949-D0A0AE1D0D3D}"
EndProject
Project("{FAE04EC0-301F-11D3-BF4B-00C04F79EFBC}") = "TesClase15", "Clase15\TesClase15\TesClase15.csproj", "{5C296504-A1C1-4DAF-8982-C74788FB0B8D}"
EndProject
Project("{FAE04EC0-301F-11D3-BF4B-00C04F79EFBC}") = "EntidadesClase15", "Clase15\EntidadesClase15\EntidadesClase15.csproj", "{5A02D8CE-AE7D-4EF1-9799-F93B0A34FA7D}"
EndProject
Project("{FAE04EC0-301F-11D3-BF4B-00C04F79EFBC}") = "TestClase16", "Clase16\TestClase16\TestClase16.csproj", "{4EE3BC65-5CEF-4F6D-B4B9-68E42151BCBA}"
EndProject
Project("{FAE04EC0-301F-11D3-BF4B-00C04F79EFBC}") = "EntidadesClase16", "Clase16\EntidadesClase16\EntidadesClase16.csproj", "{8A2AE3C6-7988-45ED-BFF4-5726D67391FF}"
EndProject
Project("{2150E333-8FDC-42A3-9474-1A3956D46DE8}") = "Ejercicio49", "Ejercicio49", "{0A226E09-A0BE-4185-AF20-E02E478B29E9}"
EndProject
Project("{FAE04EC0-301F-11D3-BF4B-00C04F79EFBC}") = "Entidades49", "Entidades49\Entidades49.csproj", "{9642A743-0F0A-489A-A106-44282A3B9086}"
EndProject
Project("{FAE04EC0-301F-11D3-BF4B-00C04F79EFBC}") = "Ejercicio50", "Ejercicio50\Ejercicio50.csproj", "{252D0148-A53B-4947-8672-4F9677B48656}"
EndProject
Global
	GlobalSection(SolutionConfigurationPlatforms) = preSolution
		Debug|Any CPU = Debug|Any CPU
		Release|Any CPU = Release|Any CPU
	EndGlobalSection
	GlobalSection(ProjectConfigurationPlatforms) = postSolution
		{AAF7D8C9-F1E8-4B1B-951F-EF6C12F59FB7}.Debug|Any CPU.ActiveCfg = Debug|Any CPU
		{AAF7D8C9-F1E8-4B1B-951F-EF6C12F59FB7}.Debug|Any CPU.Build.0 = Debug|Any CPU
		{AAF7D8C9-F1E8-4B1B-951F-EF6C12F59FB7}.Release|Any CPU.ActiveCfg = Release|Any CPU
		{AAF7D8C9-F1E8-4B1B-951F-EF6C12F59FB7}.Release|Any CPU.Build.0 = Release|Any CPU
		{EDDD2EDA-7BB8-4AB0-8B48-FB699814B418}.Debug|Any CPU.ActiveCfg = Debug|Any CPU
		{EDDD2EDA-7BB8-4AB0-8B48-FB699814B418}.Debug|Any CPU.Build.0 = Debug|Any CPU
		{EDDD2EDA-7BB8-4AB0-8B48-FB699814B418}.Release|Any CPU.ActiveCfg = Release|Any CPU
		{EDDD2EDA-7BB8-4AB0-8B48-FB699814B418}.Release|Any CPU.Build.0 = Release|Any CPU
		{92372B86-A30F-483B-BC82-624F97FCA696}.Debug|Any CPU.ActiveCfg = Debug|Any CPU
		{92372B86-A30F-483B-BC82-624F97FCA696}.Debug|Any CPU.Build.0 = Debug|Any CPU
		{92372B86-A30F-483B-BC82-624F97FCA696}.Release|Any CPU.ActiveCfg = Release|Any CPU
		{92372B86-A30F-483B-BC82-624F97FCA696}.Release|Any CPU.Build.0 = Release|Any CPU
		{4F1D4ED4-8103-450B-89A8-0CDB25714FC6}.Debug|Any CPU.ActiveCfg = Debug|Any CPU
		{4F1D4ED4-8103-450B-89A8-0CDB25714FC6}.Debug|Any CPU.Build.0 = Debug|Any CPU
		{4F1D4ED4-8103-450B-89A8-0CDB25714FC6}.Release|Any CPU.ActiveCfg = Release|Any CPU
		{4F1D4ED4-8103-450B-89A8-0CDB25714FC6}.Release|Any CPU.Build.0 = Release|Any CPU
		{D465EB12-16EA-4062-A90E-F0B16B8EE5E1}.Debug|Any CPU.ActiveCfg = Debug|Any CPU
		{D465EB12-16EA-4062-A90E-F0B16B8EE5E1}.Debug|Any CPU.Build.0 = Debug|Any CPU
		{D465EB12-16EA-4062-A90E-F0B16B8EE5E1}.Release|Any CPU.ActiveCfg = Release|Any CPU
		{D465EB12-16EA-4062-A90E-F0B16B8EE5E1}.Release|Any CPU.Build.0 = Release|Any CPU
		{97A2EA6B-D8E6-4070-BE11-28BA04998571}.Debug|Any CPU.ActiveCfg = Debug|Any CPU
		{97A2EA6B-D8E6-4070-BE11-28BA04998571}.Debug|Any CPU.Build.0 = Debug|Any CPU
		{97A2EA6B-D8E6-4070-BE11-28BA04998571}.Release|Any CPU.ActiveCfg = Release|Any CPU
		{97A2EA6B-D8E6-4070-BE11-28BA04998571}.Release|Any CPU.Build.0 = Release|Any CPU
		{7AC708B9-63D2-4490-B1D8-A92ACC6608E2}.Debug|Any CPU.ActiveCfg = Debug|Any CPU
		{7AC708B9-63D2-4490-B1D8-A92ACC6608E2}.Debug|Any CPU.Build.0 = Debug|Any CPU
		{7AC708B9-63D2-4490-B1D8-A92ACC6608E2}.Release|Any CPU.ActiveCfg = Release|Any CPU
		{7AC708B9-63D2-4490-B1D8-A92ACC6608E2}.Release|Any CPU.Build.0 = Release|Any CPU
		{D159CB33-72CB-4D60-B808-6CAED48C4657}.Debug|Any CPU.ActiveCfg = Debug|Any CPU
		{D159CB33-72CB-4D60-B808-6CAED48C4657}.Debug|Any CPU.Build.0 = Debug|Any CPU
		{D159CB33-72CB-4D60-B808-6CAED48C4657}.Release|Any CPU.ActiveCfg = Release|Any CPU
		{D159CB33-72CB-4D60-B808-6CAED48C4657}.Release|Any CPU.Build.0 = Release|Any CPU
		{3C9F7BE7-35BA-4635-A637-E489195B75BD}.Debug|Any CPU.ActiveCfg = Debug|Any CPU
		{3C9F7BE7-35BA-4635-A637-E489195B75BD}.Debug|Any CPU.Build.0 = Debug|Any CPU
		{3C9F7BE7-35BA-4635-A637-E489195B75BD}.Release|Any CPU.ActiveCfg = Release|Any CPU
		{3C9F7BE7-35BA-4635-A637-E489195B75BD}.Release|Any CPU.Build.0 = Release|Any CPU
		{1CBC7EC9-7562-4D7D-AEE1-DD632E193F64}.Debug|Any CPU.ActiveCfg = Debug|Any CPU
		{1CBC7EC9-7562-4D7D-AEE1-DD632E193F64}.Debug|Any CPU.Build.0 = Debug|Any CPU
		{1CBC7EC9-7562-4D7D-AEE1-DD632E193F64}.Release|Any CPU.ActiveCfg = Release|Any CPU
		{1CBC7EC9-7562-4D7D-AEE1-DD632E193F64}.Release|Any CPU.Build.0 = Release|Any CPU
		{3D277867-AC56-405E-901D-2FEAD50D4FD9}.Debug|Any CPU.ActiveCfg = Debug|Any CPU
		{3D277867-AC56-405E-901D-2FEAD50D4FD9}.Debug|Any CPU.Build.0 = Debug|Any CPU
		{3D277867-AC56-405E-901D-2FEAD50D4FD9}.Release|Any CPU.ActiveCfg = Release|Any CPU
		{3D277867-AC56-405E-901D-2FEAD50D4FD9}.Release|Any CPU.Build.0 = Release|Any CPU
		{4BB4BFE7-BA0B-44E2-A6BF-F5219463F8EC}.Debug|Any CPU.ActiveCfg = Debug|Any CPU
		{4BB4BFE7-BA0B-44E2-A6BF-F5219463F8EC}.Debug|Any CPU.Build.0 = Debug|Any CPU
		{4BB4BFE7-BA0B-44E2-A6BF-F5219463F8EC}.Release|Any CPU.ActiveCfg = Release|Any CPU
		{4BB4BFE7-BA0B-44E2-A6BF-F5219463F8EC}.Release|Any CPU.Build.0 = Release|Any CPU
		{90112A36-7A3F-404A-8606-0164847A1483}.Debug|Any CPU.ActiveCfg = Debug|Any CPU
		{90112A36-7A3F-404A-8606-0164847A1483}.Debug|Any CPU.Build.0 = Debug|Any CPU
		{90112A36-7A3F-404A-8606-0164847A1483}.Release|Any CPU.ActiveCfg = Release|Any CPU
		{90112A36-7A3F-404A-8606-0164847A1483}.Release|Any CPU.Build.0 = Release|Any CPU
		{2FB4EE8E-0427-4DBB-AC4C-CA63EF1CF638}.Debug|Any CPU.ActiveCfg = Debug|Any CPU
		{2FB4EE8E-0427-4DBB-AC4C-CA63EF1CF638}.Debug|Any CPU.Build.0 = Debug|Any CPU
		{2FB4EE8E-0427-4DBB-AC4C-CA63EF1CF638}.Release|Any CPU.ActiveCfg = Release|Any CPU
		{2FB4EE8E-0427-4DBB-AC4C-CA63EF1CF638}.Release|Any CPU.Build.0 = Release|Any CPU
		{46822F32-864C-4D97-843F-1F9742C564C9}.Debug|Any CPU.ActiveCfg = Debug|Any CPU
		{46822F32-864C-4D97-843F-1F9742C564C9}.Debug|Any CPU.Build.0 = Debug|Any CPU
		{46822F32-864C-4D97-843F-1F9742C564C9}.Release|Any CPU.ActiveCfg = Release|Any CPU
		{46822F32-864C-4D97-843F-1F9742C564C9}.Release|Any CPU.Build.0 = Release|Any CPU
		{A1010B8A-08DB-43E9-9B86-69C3E7AB58D5}.Debug|Any CPU.ActiveCfg = Debug|Any CPU
		{A1010B8A-08DB-43E9-9B86-69C3E7AB58D5}.Debug|Any CPU.Build.0 = Debug|Any CPU
		{A1010B8A-08DB-43E9-9B86-69C3E7AB58D5}.Release|Any CPU.ActiveCfg = Release|Any CPU
		{A1010B8A-08DB-43E9-9B86-69C3E7AB58D5}.Release|Any CPU.Build.0 = Release|Any CPU
		{BBC1A583-0E80-4518-9A6F-13F5830854A8}.Debug|Any CPU.ActiveCfg = Debug|Any CPU
		{BBC1A583-0E80-4518-9A6F-13F5830854A8}.Debug|Any CPU.Build.0 = Debug|Any CPU
		{BBC1A583-0E80-4518-9A6F-13F5830854A8}.Release|Any CPU.ActiveCfg = Release|Any CPU
		{BBC1A583-0E80-4518-9A6F-13F5830854A8}.Release|Any CPU.Build.0 = Release|Any CPU
		{56DF20BC-BCAA-495A-9534-EC3C2A6D97D9}.Debug|Any CPU.ActiveCfg = Debug|Any CPU
		{56DF20BC-BCAA-495A-9534-EC3C2A6D97D9}.Debug|Any CPU.Build.0 = Debug|Any CPU
		{56DF20BC-BCAA-495A-9534-EC3C2A6D97D9}.Release|Any CPU.ActiveCfg = Release|Any CPU
		{56DF20BC-BCAA-495A-9534-EC3C2A6D97D9}.Release|Any CPU.Build.0 = Release|Any CPU
		{456DE53C-ECB1-4EDB-BA61-EE5DB27A6643}.Debug|Any CPU.ActiveCfg = Debug|Any CPU
		{456DE53C-ECB1-4EDB-BA61-EE5DB27A6643}.Debug|Any CPU.Build.0 = Debug|Any CPU
		{456DE53C-ECB1-4EDB-BA61-EE5DB27A6643}.Release|Any CPU.ActiveCfg = Release|Any CPU
		{456DE53C-ECB1-4EDB-BA61-EE5DB27A6643}.Release|Any CPU.Build.0 = Release|Any CPU
		{22FC2BBA-3012-447D-8439-4B844F58E87A}.Debug|Any CPU.ActiveCfg = Debug|Any CPU
		{22FC2BBA-3012-447D-8439-4B844F58E87A}.Debug|Any CPU.Build.0 = Debug|Any CPU
		{22FC2BBA-3012-447D-8439-4B844F58E87A}.Release|Any CPU.ActiveCfg = Release|Any CPU
		{22FC2BBA-3012-447D-8439-4B844F58E87A}.Release|Any CPU.Build.0 = Release|Any CPU
		{66E65CBC-382B-496B-8EBE-512EA57C50A0}.Debug|Any CPU.ActiveCfg = Debug|Any CPU
		{66E65CBC-382B-496B-8EBE-512EA57C50A0}.Debug|Any CPU.Build.0 = Debug|Any CPU
		{66E65CBC-382B-496B-8EBE-512EA57C50A0}.Release|Any CPU.ActiveCfg = Release|Any CPU
		{66E65CBC-382B-496B-8EBE-512EA57C50A0}.Release|Any CPU.Build.0 = Release|Any CPU
		{413CB025-42F5-4EE8-86E2-15A6501603DA}.Debug|Any CPU.ActiveCfg = Debug|Any CPU
		{413CB025-42F5-4EE8-86E2-15A6501603DA}.Debug|Any CPU.Build.0 = Debug|Any CPU
		{413CB025-42F5-4EE8-86E2-15A6501603DA}.Release|Any CPU.ActiveCfg = Release|Any CPU
		{413CB025-42F5-4EE8-86E2-15A6501603DA}.Release|Any CPU.Build.0 = Release|Any CPU
		{7F1E5D39-4929-4438-B873-D14E781AD040}.Debug|Any CPU.ActiveCfg = Debug|Any CPU
		{7F1E5D39-4929-4438-B873-D14E781AD040}.Debug|Any CPU.Build.0 = Debug|Any CPU
		{7F1E5D39-4929-4438-B873-D14E781AD040}.Release|Any CPU.ActiveCfg = Release|Any CPU
		{7F1E5D39-4929-4438-B873-D14E781AD040}.Release|Any CPU.Build.0 = Release|Any CPU
		{F424CFF5-97E8-4B01-8E95-2EAD09A20F49}.Debug|Any CPU.ActiveCfg = Debug|Any CPU
		{F424CFF5-97E8-4B01-8E95-2EAD09A20F49}.Debug|Any CPU.Build.0 = Debug|Any CPU
		{F424CFF5-97E8-4B01-8E95-2EAD09A20F49}.Release|Any CPU.ActiveCfg = Release|Any CPU
		{F424CFF5-97E8-4B01-8E95-2EAD09A20F49}.Release|Any CPU.Build.0 = Release|Any CPU
		{B03209E7-8A07-4295-A74F-393668FED770}.Debug|Any CPU.ActiveCfg = Debug|Any CPU
		{B03209E7-8A07-4295-A74F-393668FED770}.Debug|Any CPU.Build.0 = Debug|Any CPU
		{B03209E7-8A07-4295-A74F-393668FED770}.Release|Any CPU.ActiveCfg = Release|Any CPU
		{B03209E7-8A07-4295-A74F-393668FED770}.Release|Any CPU.Build.0 = Release|Any CPU
		{80BBF493-B652-42FA-A782-1A1CBC4E1D71}.Debug|Any CPU.ActiveCfg = Debug|Any CPU
		{80BBF493-B652-42FA-A782-1A1CBC4E1D71}.Debug|Any CPU.Build.0 = Debug|Any CPU
		{80BBF493-B652-42FA-A782-1A1CBC4E1D71}.Release|Any CPU.ActiveCfg = Release|Any CPU
		{80BBF493-B652-42FA-A782-1A1CBC4E1D71}.Release|Any CPU.Build.0 = Release|Any CPU
		{7CBA7B91-24F2-4CDD-882A-444308B70516}.Debug|Any CPU.ActiveCfg = Debug|Any CPU
		{7CBA7B91-24F2-4CDD-882A-444308B70516}.Debug|Any CPU.Build.0 = Debug|Any CPU
		{7CBA7B91-24F2-4CDD-882A-444308B70516}.Release|Any CPU.ActiveCfg = Release|Any CPU
		{7CBA7B91-24F2-4CDD-882A-444308B70516}.Release|Any CPU.Build.0 = Release|Any CPU
		{9B0001D8-B1E9-425A-9719-D6F788B72244}.Debug|Any CPU.ActiveCfg = Debug|Any CPU
		{9B0001D8-B1E9-425A-9719-D6F788B72244}.Debug|Any CPU.Build.0 = Debug|Any CPU
		{9B0001D8-B1E9-425A-9719-D6F788B72244}.Release|Any CPU.ActiveCfg = Release|Any CPU
		{9B0001D8-B1E9-425A-9719-D6F788B72244}.Release|Any CPU.Build.0 = Release|Any CPU
		{5CC45DF9-42EA-4F9E-8808-03403DEFC129}.Debug|Any CPU.ActiveCfg = Debug|Any CPU
		{5CC45DF9-42EA-4F9E-8808-03403DEFC129}.Debug|Any CPU.Build.0 = Debug|Any CPU
		{5CC45DF9-42EA-4F9E-8808-03403DEFC129}.Release|Any CPU.ActiveCfg = Release|Any CPU
		{5CC45DF9-42EA-4F9E-8808-03403DEFC129}.Release|Any CPU.Build.0 = Release|Any CPU
		{04DACF59-2128-49CE-B8DD-B2F5F4F8B2B2}.Debug|Any CPU.ActiveCfg = Debug|Any CPU
		{04DACF59-2128-49CE-B8DD-B2F5F4F8B2B2}.Debug|Any CPU.Build.0 = Debug|Any CPU
		{04DACF59-2128-49CE-B8DD-B2F5F4F8B2B2}.Release|Any CPU.ActiveCfg = Release|Any CPU
		{04DACF59-2128-49CE-B8DD-B2F5F4F8B2B2}.Release|Any CPU.Build.0 = Release|Any CPU
		{438FFED9-EAF2-4EF1-BA74-F801E76BADFD}.Debug|Any CPU.ActiveCfg = Debug|Any CPU
		{438FFED9-EAF2-4EF1-BA74-F801E76BADFD}.Debug|Any CPU.Build.0 = Debug|Any CPU
		{438FFED9-EAF2-4EF1-BA74-F801E76BADFD}.Release|Any CPU.ActiveCfg = Release|Any CPU
		{438FFED9-EAF2-4EF1-BA74-F801E76BADFD}.Release|Any CPU.Build.0 = Release|Any CPU
		{F0C3CE30-AA44-4CA9-80B6-EA9F0D066A9B}.Debug|Any CPU.ActiveCfg = Debug|Any CPU
		{F0C3CE30-AA44-4CA9-80B6-EA9F0D066A9B}.Debug|Any CPU.Build.0 = Debug|Any CPU
		{F0C3CE30-AA44-4CA9-80B6-EA9F0D066A9B}.Release|Any CPU.ActiveCfg = Release|Any CPU
		{F0C3CE30-AA44-4CA9-80B6-EA9F0D066A9B}.Release|Any CPU.Build.0 = Release|Any CPU
		{613A8941-8B52-4D9E-8818-E00C790F6955}.Debug|Any CPU.ActiveCfg = Debug|Any CPU
		{613A8941-8B52-4D9E-8818-E00C790F6955}.Debug|Any CPU.Build.0 = Debug|Any CPU
		{613A8941-8B52-4D9E-8818-E00C790F6955}.Release|Any CPU.ActiveCfg = Release|Any CPU
		{613A8941-8B52-4D9E-8818-E00C790F6955}.Release|Any CPU.Build.0 = Release|Any CPU
		{1981CE1E-A6CF-409F-9FA6-23B614A87F8C}.Debug|Any CPU.ActiveCfg = Debug|Any CPU
		{1981CE1E-A6CF-409F-9FA6-23B614A87F8C}.Debug|Any CPU.Build.0 = Debug|Any CPU
		{1981CE1E-A6CF-409F-9FA6-23B614A87F8C}.Release|Any CPU.ActiveCfg = Release|Any CPU
		{1981CE1E-A6CF-409F-9FA6-23B614A87F8C}.Release|Any CPU.Build.0 = Release|Any CPU
		{6273B2A6-A941-4B12-86B7-E3BD9BF0C66D}.Debug|Any CPU.ActiveCfg = Debug|Any CPU
		{6273B2A6-A941-4B12-86B7-E3BD9BF0C66D}.Debug|Any CPU.Build.0 = Debug|Any CPU
		{6273B2A6-A941-4B12-86B7-E3BD9BF0C66D}.Release|Any CPU.ActiveCfg = Release|Any CPU
		{6273B2A6-A941-4B12-86B7-E3BD9BF0C66D}.Release|Any CPU.Build.0 = Release|Any CPU
		{B2D0A524-D230-496D-9962-15E86752D65D}.Debug|Any CPU.ActiveCfg = Debug|Any CPU
		{B2D0A524-D230-496D-9962-15E86752D65D}.Debug|Any CPU.Build.0 = Debug|Any CPU
		{B2D0A524-D230-496D-9962-15E86752D65D}.Release|Any CPU.ActiveCfg = Release|Any CPU
		{B2D0A524-D230-496D-9962-15E86752D65D}.Release|Any CPU.Build.0 = Release|Any CPU
		{8EA37637-F121-4077-A52A-664F9DA1644B}.Debug|Any CPU.ActiveCfg = Debug|Any CPU
		{8EA37637-F121-4077-A52A-664F9DA1644B}.Debug|Any CPU.Build.0 = Debug|Any CPU
		{8EA37637-F121-4077-A52A-664F9DA1644B}.Release|Any CPU.ActiveCfg = Release|Any CPU
		{8EA37637-F121-4077-A52A-664F9DA1644B}.Release|Any CPU.Build.0 = Release|Any CPU
		{1A27BDA5-714D-4619-9C90-465C64147E06}.Debug|Any CPU.ActiveCfg = Debug|Any CPU
		{1A27BDA5-714D-4619-9C90-465C64147E06}.Debug|Any CPU.Build.0 = Debug|Any CPU
		{1A27BDA5-714D-4619-9C90-465C64147E06}.Release|Any CPU.ActiveCfg = Release|Any CPU
		{1A27BDA5-714D-4619-9C90-465C64147E06}.Release|Any CPU.Build.0 = Release|Any CPU
		{0725FAD4-FC86-4FDD-ABAC-265EE56C23CD}.Debug|Any CPU.ActiveCfg = Debug|Any CPU
		{0725FAD4-FC86-4FDD-ABAC-265EE56C23CD}.Debug|Any CPU.Build.0 = Debug|Any CPU
		{0725FAD4-FC86-4FDD-ABAC-265EE56C23CD}.Release|Any CPU.ActiveCfg = Release|Any CPU
		{0725FAD4-FC86-4FDD-ABAC-265EE56C23CD}.Release|Any CPU.Build.0 = Release|Any CPU
		{C04505C5-8AE6-4E5A-BC8C-05F3BC0F7F5C}.Debug|Any CPU.ActiveCfg = Debug|Any CPU
		{C04505C5-8AE6-4E5A-BC8C-05F3BC0F7F5C}.Debug|Any CPU.Build.0 = Debug|Any CPU
		{C04505C5-8AE6-4E5A-BC8C-05F3BC0F7F5C}.Release|Any CPU.ActiveCfg = Release|Any CPU
		{C04505C5-8AE6-4E5A-BC8C-05F3BC0F7F5C}.Release|Any CPU.Build.0 = Release|Any CPU
		{568DCF8E-B984-401F-B5FF-58965C124856}.Debug|Any CPU.ActiveCfg = Debug|Any CPU
		{568DCF8E-B984-401F-B5FF-58965C124856}.Debug|Any CPU.Build.0 = Debug|Any CPU
		{568DCF8E-B984-401F-B5FF-58965C124856}.Release|Any CPU.ActiveCfg = Release|Any CPU
		{568DCF8E-B984-401F-B5FF-58965C124856}.Release|Any CPU.Build.0 = Release|Any CPU
		{65ABCD44-B3AF-4542-80E8-0CAF630D36BD}.Debug|Any CPU.ActiveCfg = Debug|Any CPU
		{65ABCD44-B3AF-4542-80E8-0CAF630D36BD}.Debug|Any CPU.Build.0 = Debug|Any CPU
		{65ABCD44-B3AF-4542-80E8-0CAF630D36BD}.Release|Any CPU.ActiveCfg = Release|Any CPU
		{65ABCD44-B3AF-4542-80E8-0CAF630D36BD}.Release|Any CPU.Build.0 = Release|Any CPU
		{BACB8A66-1178-489A-840D-258680DD1B4A}.Debug|Any CPU.ActiveCfg = Debug|Any CPU
		{BACB8A66-1178-489A-840D-258680DD1B4A}.Debug|Any CPU.Build.0 = Debug|Any CPU
		{BACB8A66-1178-489A-840D-258680DD1B4A}.Release|Any CPU.ActiveCfg = Release|Any CPU
		{BACB8A66-1178-489A-840D-258680DD1B4A}.Release|Any CPU.Build.0 = Release|Any CPU
		{70087989-8221-4275-B602-88BCE0AD3353}.Debug|Any CPU.ActiveCfg = Debug|Any CPU
		{70087989-8221-4275-B602-88BCE0AD3353}.Debug|Any CPU.Build.0 = Debug|Any CPU
		{70087989-8221-4275-B602-88BCE0AD3353}.Release|Any CPU.ActiveCfg = Release|Any CPU
		{70087989-8221-4275-B602-88BCE0AD3353}.Release|Any CPU.Build.0 = Release|Any CPU
		{5F46E7AF-AA03-4BDF-9D05-F911119CEE68}.Debug|Any CPU.ActiveCfg = Debug|Any CPU
		{5F46E7AF-AA03-4BDF-9D05-F911119CEE68}.Debug|Any CPU.Build.0 = Debug|Any CPU
		{5F46E7AF-AA03-4BDF-9D05-F911119CEE68}.Release|Any CPU.ActiveCfg = Release|Any CPU
		{5F46E7AF-AA03-4BDF-9D05-F911119CEE68}.Release|Any CPU.Build.0 = Release|Any CPU
		{70FF73AB-8720-4C10-AFF2-AA7927999FE5}.Debug|Any CPU.ActiveCfg = Debug|Any CPU
		{70FF73AB-8720-4C10-AFF2-AA7927999FE5}.Debug|Any CPU.Build.0 = Debug|Any CPU
		{70FF73AB-8720-4C10-AFF2-AA7927999FE5}.Release|Any CPU.ActiveCfg = Release|Any CPU
		{70FF73AB-8720-4C10-AFF2-AA7927999FE5}.Release|Any CPU.Build.0 = Release|Any CPU
		{81D5C35F-3B41-418B-A8D9-B4ADCB393A62}.Debug|Any CPU.ActiveCfg = Debug|Any CPU
		{81D5C35F-3B41-418B-A8D9-B4ADCB393A62}.Debug|Any CPU.Build.0 = Debug|Any CPU
		{81D5C35F-3B41-418B-A8D9-B4ADCB393A62}.Release|Any CPU.ActiveCfg = Release|Any CPU
		{81D5C35F-3B41-418B-A8D9-B4ADCB393A62}.Release|Any CPU.Build.0 = Release|Any CPU
		{155E95FF-FA86-495D-8F8D-CEFAA04421F1}.Debug|Any CPU.ActiveCfg = Debug|Any CPU
		{155E95FF-FA86-495D-8F8D-CEFAA04421F1}.Debug|Any CPU.Build.0 = Debug|Any CPU
		{155E95FF-FA86-495D-8F8D-CEFAA04421F1}.Release|Any CPU.ActiveCfg = Release|Any CPU
		{155E95FF-FA86-495D-8F8D-CEFAA04421F1}.Release|Any CPU.Build.0 = Release|Any CPU
		{A6193424-97B0-4B26-AF17-CBCD18E97CD2}.Debug|Any CPU.ActiveCfg = Debug|Any CPU
		{A6193424-97B0-4B26-AF17-CBCD18E97CD2}.Debug|Any CPU.Build.0 = Debug|Any CPU
		{A6193424-97B0-4B26-AF17-CBCD18E97CD2}.Release|Any CPU.ActiveCfg = Release|Any CPU
		{A6193424-97B0-4B26-AF17-CBCD18E97CD2}.Release|Any CPU.Build.0 = Release|Any CPU
		{BD74F333-6EF6-45CD-B84C-4AB354FBF8EB}.Debug|Any CPU.ActiveCfg = Debug|Any CPU
		{BD74F333-6EF6-45CD-B84C-4AB354FBF8EB}.Debug|Any CPU.Build.0 = Debug|Any CPU
		{BD74F333-6EF6-45CD-B84C-4AB354FBF8EB}.Release|Any CPU.ActiveCfg = Release|Any CPU
		{BD74F333-6EF6-45CD-B84C-4AB354FBF8EB}.Release|Any CPU.Build.0 = Release|Any CPU
		{620BA527-B7B1-4ECC-A82C-76A92EEC1849}.Debug|Any CPU.ActiveCfg = Debug|Any CPU
		{620BA527-B7B1-4ECC-A82C-76A92EEC1849}.Debug|Any CPU.Build.0 = Debug|Any CPU
		{620BA527-B7B1-4ECC-A82C-76A92EEC1849}.Release|Any CPU.ActiveCfg = Release|Any CPU
		{620BA527-B7B1-4ECC-A82C-76A92EEC1849}.Release|Any CPU.Build.0 = Release|Any CPU
		{8EADE444-0309-4D90-BD12-C4B854925166}.Debug|Any CPU.ActiveCfg = Debug|Any CPU
		{8EADE444-0309-4D90-BD12-C4B854925166}.Debug|Any CPU.Build.0 = Debug|Any CPU
		{8EADE444-0309-4D90-BD12-C4B854925166}.Release|Any CPU.ActiveCfg = Release|Any CPU
		{8EADE444-0309-4D90-BD12-C4B854925166}.Release|Any CPU.Build.0 = Release|Any CPU
		{63A2F5E1-6FF6-417D-9374-89394D1A26E5}.Debug|Any CPU.ActiveCfg = Debug|Any CPU
		{63A2F5E1-6FF6-417D-9374-89394D1A26E5}.Debug|Any CPU.Build.0 = Debug|Any CPU
		{63A2F5E1-6FF6-417D-9374-89394D1A26E5}.Release|Any CPU.ActiveCfg = Release|Any CPU
		{63A2F5E1-6FF6-417D-9374-89394D1A26E5}.Release|Any CPU.Build.0 = Release|Any CPU
		{DF2874D9-5220-4A0C-8155-F0DE82378844}.Debug|Any CPU.ActiveCfg = Debug|Any CPU
		{DF2874D9-5220-4A0C-8155-F0DE82378844}.Debug|Any CPU.Build.0 = Debug|Any CPU
		{DF2874D9-5220-4A0C-8155-F0DE82378844}.Release|Any CPU.ActiveCfg = Release|Any CPU
		{DF2874D9-5220-4A0C-8155-F0DE82378844}.Release|Any CPU.Build.0 = Release|Any CPU
		{7CDD99B7-33B3-414D-AA8D-9BBACB38ED3B}.Debug|Any CPU.ActiveCfg = Debug|Any CPU
		{7CDD99B7-33B3-414D-AA8D-9BBACB38ED3B}.Debug|Any CPU.Build.0 = Debug|Any CPU
		{7CDD99B7-33B3-414D-AA8D-9BBACB38ED3B}.Release|Any CPU.ActiveCfg = Release|Any CPU
		{7CDD99B7-33B3-414D-AA8D-9BBACB38ED3B}.Release|Any CPU.Build.0 = Release|Any CPU
		{711EE523-E01F-4080-A6EC-E059D27F914D}.Debug|Any CPU.ActiveCfg = Debug|Any CPU
		{711EE523-E01F-4080-A6EC-E059D27F914D}.Debug|Any CPU.Build.0 = Debug|Any CPU
		{711EE523-E01F-4080-A6EC-E059D27F914D}.Release|Any CPU.ActiveCfg = Release|Any CPU
		{711EE523-E01F-4080-A6EC-E059D27F914D}.Release|Any CPU.Build.0 = Release|Any CPU
		{9AEACC00-29C9-4E2C-B356-BADA664C4394}.Debug|Any CPU.ActiveCfg = Debug|Any CPU
		{9AEACC00-29C9-4E2C-B356-BADA664C4394}.Debug|Any CPU.Build.0 = Debug|Any CPU
		{9AEACC00-29C9-4E2C-B356-BADA664C4394}.Release|Any CPU.ActiveCfg = Release|Any CPU
		{9AEACC00-29C9-4E2C-B356-BADA664C4394}.Release|Any CPU.Build.0 = Release|Any CPU
		{B974C600-8897-4BE3-94A1-47F585E0ED78}.Debug|Any CPU.ActiveCfg = Debug|Any CPU
		{B974C600-8897-4BE3-94A1-47F585E0ED78}.Debug|Any CPU.Build.0 = Debug|Any CPU
		{B974C600-8897-4BE3-94A1-47F585E0ED78}.Release|Any CPU.ActiveCfg = Release|Any CPU
		{B974C600-8897-4BE3-94A1-47F585E0ED78}.Release|Any CPU.Build.0 = Release|Any CPU
		{4EC1D7DE-C9EC-4E13-A123-134740D63F95}.Debug|Any CPU.ActiveCfg = Debug|Any CPU
		{4EC1D7DE-C9EC-4E13-A123-134740D63F95}.Debug|Any CPU.Build.0 = Debug|Any CPU
		{4EC1D7DE-C9EC-4E13-A123-134740D63F95}.Release|Any CPU.ActiveCfg = Release|Any CPU
		{4EC1D7DE-C9EC-4E13-A123-134740D63F95}.Release|Any CPU.Build.0 = Release|Any CPU
		{6BEBAC11-00CA-485F-A50F-30A3A8E9EE63}.Debug|Any CPU.ActiveCfg = Debug|Any CPU
		{6BEBAC11-00CA-485F-A50F-30A3A8E9EE63}.Debug|Any CPU.Build.0 = Debug|Any CPU
		{6BEBAC11-00CA-485F-A50F-30A3A8E9EE63}.Release|Any CPU.ActiveCfg = Release|Any CPU
		{6BEBAC11-00CA-485F-A50F-30A3A8E9EE63}.Release|Any CPU.Build.0 = Release|Any CPU
		{A0F7E7D0-B227-4CF0-B09D-987124325C13}.Debug|Any CPU.ActiveCfg = Debug|Any CPU
		{A0F7E7D0-B227-4CF0-B09D-987124325C13}.Debug|Any CPU.Build.0 = Debug|Any CPU
		{A0F7E7D0-B227-4CF0-B09D-987124325C13}.Release|Any CPU.ActiveCfg = Release|Any CPU
		{A0F7E7D0-B227-4CF0-B09D-987124325C13}.Release|Any CPU.Build.0 = Release|Any CPU
		{EDE2B87E-AF11-4BC1-8959-4A7C7D061949}.Debug|Any CPU.ActiveCfg = Debug|Any CPU
		{EDE2B87E-AF11-4BC1-8959-4A7C7D061949}.Debug|Any CPU.Build.0 = Debug|Any CPU
		{EDE2B87E-AF11-4BC1-8959-4A7C7D061949}.Release|Any CPU.ActiveCfg = Release|Any CPU
		{EDE2B87E-AF11-4BC1-8959-4A7C7D061949}.Release|Any CPU.Build.0 = Release|Any CPU
		{1A6F32D9-9FE5-41E5-8F14-E8EBB6042ECB}.Debug|Any CPU.ActiveCfg = Debug|Any CPU
		{1A6F32D9-9FE5-41E5-8F14-E8EBB6042ECB}.Debug|Any CPU.Build.0 = Debug|Any CPU
		{1A6F32D9-9FE5-41E5-8F14-E8EBB6042ECB}.Release|Any CPU.ActiveCfg = Release|Any CPU
		{1A6F32D9-9FE5-41E5-8F14-E8EBB6042ECB}.Release|Any CPU.Build.0 = Release|Any CPU
		{BDE6E8E8-E7A7-4280-B4D7-E79791C4AFEB}.Debug|Any CPU.ActiveCfg = Debug|Any CPU
		{BDE6E8E8-E7A7-4280-B4D7-E79791C4AFEB}.Debug|Any CPU.Build.0 = Debug|Any CPU
		{BDE6E8E8-E7A7-4280-B4D7-E79791C4AFEB}.Release|Any CPU.ActiveCfg = Release|Any CPU
		{BDE6E8E8-E7A7-4280-B4D7-E79791C4AFEB}.Release|Any CPU.Build.0 = Release|Any CPU
		{9A750ECC-1E89-45A0-8F86-B30F22D41F32}.Debug|Any CPU.ActiveCfg = Debug|Any CPU
		{9A750ECC-1E89-45A0-8F86-B30F22D41F32}.Debug|Any CPU.Build.0 = Debug|Any CPU
		{9A750ECC-1E89-45A0-8F86-B30F22D41F32}.Release|Any CPU.ActiveCfg = Release|Any CPU
		{9A750ECC-1E89-45A0-8F86-B30F22D41F32}.Release|Any CPU.Build.0 = Release|Any CPU
		{0375851C-87AA-43AD-B3C9-76E466A76713}.Debug|Any CPU.ActiveCfg = Debug|Any CPU
		{0375851C-87AA-43AD-B3C9-76E466A76713}.Debug|Any CPU.Build.0 = Debug|Any CPU
		{0375851C-87AA-43AD-B3C9-76E466A76713}.Release|Any CPU.ActiveCfg = Release|Any CPU
		{0375851C-87AA-43AD-B3C9-76E466A76713}.Release|Any CPU.Build.0 = Release|Any CPU
		{DD5C379C-2E57-4197-BA6F-C9B8670C0825}.Debug|Any CPU.ActiveCfg = Debug|Any CPU
		{DD5C379C-2E57-4197-BA6F-C9B8670C0825}.Debug|Any CPU.Build.0 = Debug|Any CPU
		{DD5C379C-2E57-4197-BA6F-C9B8670C0825}.Release|Any CPU.ActiveCfg = Release|Any CPU
		{DD5C379C-2E57-4197-BA6F-C9B8670C0825}.Release|Any CPU.Build.0 = Release|Any CPU
		{2457F480-8440-4E62-9D08-423084639278}.Debug|Any CPU.ActiveCfg = Debug|Any CPU
		{2457F480-8440-4E62-9D08-423084639278}.Debug|Any CPU.Build.0 = Debug|Any CPU
		{2457F480-8440-4E62-9D08-423084639278}.Release|Any CPU.ActiveCfg = Release|Any CPU
		{2457F480-8440-4E62-9D08-423084639278}.Release|Any CPU.Build.0 = Release|Any CPU
		{A0667C96-CAA5-426E-A77E-418F5718D326}.Debug|Any CPU.ActiveCfg = Debug|Any CPU
		{A0667C96-CAA5-426E-A77E-418F5718D326}.Debug|Any CPU.Build.0 = Debug|Any CPU
		{A0667C96-CAA5-426E-A77E-418F5718D326}.Release|Any CPU.ActiveCfg = Release|Any CPU
		{A0667C96-CAA5-426E-A77E-418F5718D326}.Release|Any CPU.Build.0 = Release|Any CPU
		{BA9F768B-93D7-46E6-8936-FD1925E3A4B8}.Debug|Any CPU.ActiveCfg = Debug|Any CPU
		{BA9F768B-93D7-46E6-8936-FD1925E3A4B8}.Debug|Any CPU.Build.0 = Debug|Any CPU
		{BA9F768B-93D7-46E6-8936-FD1925E3A4B8}.Release|Any CPU.ActiveCfg = Release|Any CPU
		{BA9F768B-93D7-46E6-8936-FD1925E3A4B8}.Release|Any CPU.Build.0 = Release|Any CPU
		{B97E7B19-BF4A-4C8E-8041-C5C1046C798F}.Debug|Any CPU.ActiveCfg = Debug|Any CPU
		{B97E7B19-BF4A-4C8E-8041-C5C1046C798F}.Debug|Any CPU.Build.0 = Debug|Any CPU
		{B97E7B19-BF4A-4C8E-8041-C5C1046C798F}.Release|Any CPU.ActiveCfg = Release|Any CPU
		{B97E7B19-BF4A-4C8E-8041-C5C1046C798F}.Release|Any CPU.Build.0 = Release|Any CPU
		{88342590-47FB-45B6-B77E-37F99DA550CB}.Debug|Any CPU.ActiveCfg = Debug|Any CPU
		{88342590-47FB-45B6-B77E-37F99DA550CB}.Debug|Any CPU.Build.0 = Debug|Any CPU
		{88342590-47FB-45B6-B77E-37F99DA550CB}.Release|Any CPU.ActiveCfg = Release|Any CPU
		{88342590-47FB-45B6-B77E-37F99DA550CB}.Release|Any CPU.Build.0 = Release|Any CPU
		{8A8AB9DB-8BCB-4711-9E21-017FB4832673}.Debug|Any CPU.ActiveCfg = Debug|Any CPU
		{8A8AB9DB-8BCB-4711-9E21-017FB4832673}.Debug|Any CPU.Build.0 = Debug|Any CPU
		{8A8AB9DB-8BCB-4711-9E21-017FB4832673}.Release|Any CPU.ActiveCfg = Release|Any CPU
		{8A8AB9DB-8BCB-4711-9E21-017FB4832673}.Release|Any CPU.Build.0 = Release|Any CPU
		{5C296504-A1C1-4DAF-8982-C74788FB0B8D}.Debug|Any CPU.ActiveCfg = Debug|Any CPU
		{5C296504-A1C1-4DAF-8982-C74788FB0B8D}.Debug|Any CPU.Build.0 = Debug|Any CPU
		{5C296504-A1C1-4DAF-8982-C74788FB0B8D}.Release|Any CPU.ActiveCfg = Release|Any CPU
		{5C296504-A1C1-4DAF-8982-C74788FB0B8D}.Release|Any CPU.Build.0 = Release|Any CPU
		{5A02D8CE-AE7D-4EF1-9799-F93B0A34FA7D}.Debug|Any CPU.ActiveCfg = Debug|Any CPU
		{5A02D8CE-AE7D-4EF1-9799-F93B0A34FA7D}.Debug|Any CPU.Build.0 = Debug|Any CPU
		{5A02D8CE-AE7D-4EF1-9799-F93B0A34FA7D}.Release|Any CPU.ActiveCfg = Release|Any CPU
		{5A02D8CE-AE7D-4EF1-9799-F93B0A34FA7D}.Release|Any CPU.Build.0 = Release|Any CPU
		{4EE3BC65-5CEF-4F6D-B4B9-68E42151BCBA}.Debug|Any CPU.ActiveCfg = Debug|Any CPU
		{4EE3BC65-5CEF-4F6D-B4B9-68E42151BCBA}.Debug|Any CPU.Build.0 = Debug|Any CPU
		{4EE3BC65-5CEF-4F6D-B4B9-68E42151BCBA}.Release|Any CPU.ActiveCfg = Release|Any CPU
		{4EE3BC65-5CEF-4F6D-B4B9-68E42151BCBA}.Release|Any CPU.Build.0 = Release|Any CPU
		{8A2AE3C6-7988-45ED-BFF4-5726D67391FF}.Debug|Any CPU.ActiveCfg = Debug|Any CPU
		{8A2AE3C6-7988-45ED-BFF4-5726D67391FF}.Debug|Any CPU.Build.0 = Debug|Any CPU
		{8A2AE3C6-7988-45ED-BFF4-5726D67391FF}.Release|Any CPU.ActiveCfg = Release|Any CPU
		{8A2AE3C6-7988-45ED-BFF4-5726D67391FF}.Release|Any CPU.Build.0 = Release|Any CPU
		{9642A743-0F0A-489A-A106-44282A3B9086}.Debug|Any CPU.ActiveCfg = Debug|Any CPU
		{9642A743-0F0A-489A-A106-44282A3B9086}.Debug|Any CPU.Build.0 = Debug|Any CPU
		{9642A743-0F0A-489A-A106-44282A3B9086}.Release|Any CPU.ActiveCfg = Release|Any CPU
		{9642A743-0F0A-489A-A106-44282A3B9086}.Release|Any CPU.Build.0 = Release|Any CPU
		{252D0148-A53B-4947-8672-4F9677B48656}.Debug|Any CPU.ActiveCfg = Debug|Any CPU
		{252D0148-A53B-4947-8672-4F9677B48656}.Debug|Any CPU.Build.0 = Debug|Any CPU
		{252D0148-A53B-4947-8672-4F9677B48656}.Release|Any CPU.ActiveCfg = Release|Any CPU
		{252D0148-A53B-4947-8672-4F9677B48656}.Release|Any CPU.Build.0 = Release|Any CPU
	EndGlobalSection
	GlobalSection(SolutionProperties) = preSolution
		HideSolutionNode = FALSE
	EndGlobalSection
	GlobalSection(NestedProjects) = preSolution
		{AAF7D8C9-F1E8-4B1B-951F-EF6C12F59FB7} = {4AD0C836-0BD9-4758-AA6F-6B29F855B90A}
		{EDDD2EDA-7BB8-4AB0-8B48-FB699814B418} = {4AD0C836-0BD9-4758-AA6F-6B29F855B90A}
		{92372B86-A30F-483B-BC82-624F97FCA696} = {4AD0C836-0BD9-4758-AA6F-6B29F855B90A}
		{4F1D4ED4-8103-450B-89A8-0CDB25714FC6} = {4AD0C836-0BD9-4758-AA6F-6B29F855B90A}
		{D465EB12-16EA-4062-A90E-F0B16B8EE5E1} = {4AD0C836-0BD9-4758-AA6F-6B29F855B90A}
		{97A2EA6B-D8E6-4070-BE11-28BA04998571} = {4AD0C836-0BD9-4758-AA6F-6B29F855B90A}
		{7AC708B9-63D2-4490-B1D8-A92ACC6608E2} = {4AD0C836-0BD9-4758-AA6F-6B29F855B90A}
		{D159CB33-72CB-4D60-B808-6CAED48C4657} = {4AD0C836-0BD9-4758-AA6F-6B29F855B90A}
		{3C9F7BE7-35BA-4635-A637-E489195B75BD} = {4AD0C836-0BD9-4758-AA6F-6B29F855B90A}
		{1CBC7EC9-7562-4D7D-AEE1-DD632E193F64} = {4AD0C836-0BD9-4758-AA6F-6B29F855B90A}
		{3D277867-AC56-405E-901D-2FEAD50D4FD9} = {4AD0C836-0BD9-4758-AA6F-6B29F855B90A}
		{4BB4BFE7-BA0B-44E2-A6BF-F5219463F8EC} = {4AD0C836-0BD9-4758-AA6F-6B29F855B90A}
		{90112A36-7A3F-404A-8606-0164847A1483} = {4AD0C836-0BD9-4758-AA6F-6B29F855B90A}
		{2FB4EE8E-0427-4DBB-AC4C-CA63EF1CF638} = {4AD0C836-0BD9-4758-AA6F-6B29F855B90A}
		{46822F32-864C-4D97-843F-1F9742C564C9} = {4AD0C836-0BD9-4758-AA6F-6B29F855B90A}
		{A1010B8A-08DB-43E9-9B86-69C3E7AB58D5} = {4AD0C836-0BD9-4758-AA6F-6B29F855B90A}
		{BBC1A583-0E80-4518-9A6F-13F5830854A8} = {4AD0C836-0BD9-4758-AA6F-6B29F855B90A}
		{56DF20BC-BCAA-495A-9534-EC3C2A6D97D9} = {4AD0C836-0BD9-4758-AA6F-6B29F855B90A}
		{456DE53C-ECB1-4EDB-BA61-EE5DB27A6643} = {4AD0C836-0BD9-4758-AA6F-6B29F855B90A}
		{22FC2BBA-3012-447D-8439-4B844F58E87A} = {4AD0C836-0BD9-4758-AA6F-6B29F855B90A}
		{66E65CBC-382B-496B-8EBE-512EA57C50A0} = {4AD0C836-0BD9-4758-AA6F-6B29F855B90A}
		{413CB025-42F5-4EE8-86E2-15A6501603DA} = {EA6E22B7-ED2C-4B44-8BA1-67E5054C2D4C}
		{7F1E5D39-4929-4438-B873-D14E781AD040} = {BAFE0C3C-CA57-4EDC-BE65-EB6C8FA045F9}
		{F424CFF5-97E8-4B01-8E95-2EAD09A20F49} = {BAFE0C3C-CA57-4EDC-BE65-EB6C8FA045F9}
		{B03209E7-8A07-4295-A74F-393668FED770} = {E744E0B6-2C0D-45A2-964B-FFEC0EF604BE}
		{80BBF493-B652-42FA-A782-1A1CBC4E1D71} = {E744E0B6-2C0D-45A2-964B-FFEC0EF604BE}
		{7CBA7B91-24F2-4CDD-882A-444308B70516} = {79B1F0B7-AA21-4E7F-A923-A48E5A5C2ADD}
		{9B0001D8-B1E9-425A-9719-D6F788B72244} = {EB222B65-4AE7-4728-BED9-C47E40989995}
		{5CC45DF9-42EA-4F9E-8808-03403DEFC129} = {EB222B65-4AE7-4728-BED9-C47E40989995}
		{04DACF59-2128-49CE-B8DD-B2F5F4F8B2B2} = {EB222B65-4AE7-4728-BED9-C47E40989995}
		{438FFED9-EAF2-4EF1-BA74-F801E76BADFD} = {79B1F0B7-AA21-4E7F-A923-A48E5A5C2ADD}
		{625FA021-B6A4-46AF-A731-9945B5520B96} = {4AD0C836-0BD9-4758-AA6F-6B29F855B90A}
		{F0C3CE30-AA44-4CA9-80B6-EA9F0D066A9B} = {BAFE0C3C-CA57-4EDC-BE65-EB6C8FA045F9}
		{BAFE0C3C-CA57-4EDC-BE65-EB6C8FA045F9} = {79B1F0B7-AA21-4E7F-A923-A48E5A5C2ADD}
		{EA6E22B7-ED2C-4B44-8BA1-67E5054C2D4C} = {79B1F0B7-AA21-4E7F-A923-A48E5A5C2ADD}
		{E744E0B6-2C0D-45A2-964B-FFEC0EF604BE} = {79B1F0B7-AA21-4E7F-A923-A48E5A5C2ADD}
		{EB222B65-4AE7-4728-BED9-C47E40989995} = {79B1F0B7-AA21-4E7F-A923-A48E5A5C2ADD}
		{613A8941-8B52-4D9E-8818-E00C790F6955} = {4AD0C836-0BD9-4758-AA6F-6B29F855B90A}
		{1981CE1E-A6CF-409F-9FA6-23B614A87F8C} = {625FA021-B6A4-46AF-A731-9945B5520B96}
		{6273B2A6-A941-4B12-86B7-E3BD9BF0C66D} = {625FA021-B6A4-46AF-A731-9945B5520B96}
		{B2D0A524-D230-496D-9962-15E86752D65D} = {4AD0C836-0BD9-4758-AA6F-6B29F855B90A}
		{8EA37637-F121-4077-A52A-664F9DA1644B} = {4AD0C836-0BD9-4758-AA6F-6B29F855B90A}
		{1A27BDA5-714D-4619-9C90-465C64147E06} = {4AD0C836-0BD9-4758-AA6F-6B29F855B90A}
		{0725FAD4-FC86-4FDD-ABAC-265EE56C23CD} = {4AD0C836-0BD9-4758-AA6F-6B29F855B90A}
		{C04505C5-8AE6-4E5A-BC8C-05F3BC0F7F5C} = {4AD0C836-0BD9-4758-AA6F-6B29F855B90A}
		{568DCF8E-B984-401F-B5FF-58965C124856} = {4AD0C836-0BD9-4758-AA6F-6B29F855B90A}
		{A205886A-0104-4D2C-BBAF-3D14E8066191} = {79B1F0B7-AA21-4E7F-A923-A48E5A5C2ADD}
		{65ABCD44-B3AF-4542-80E8-0CAF630D36BD} = {A205886A-0104-4D2C-BBAF-3D14E8066191}
		{BACB8A66-1178-489A-840D-258680DD1B4A} = {A205886A-0104-4D2C-BBAF-3D14E8066191}
		{723ABDD1-F742-47D0-A127-C8B925EF1C67} = {4AD0C836-0BD9-4758-AA6F-6B29F855B90A}
		{70087989-8221-4275-B602-88BCE0AD3353} = {723ABDD1-F742-47D0-A127-C8B925EF1C67}
		{5F46E7AF-AA03-4BDF-9D05-F911119CEE68} = {723ABDD1-F742-47D0-A127-C8B925EF1C67}
		{70FF73AB-8720-4C10-AFF2-AA7927999FE5} = {4AD0C836-0BD9-4758-AA6F-6B29F855B90A}
		{B2114EFF-BFD9-46B4-9152-1ADB295D9AF3} = {4AD0C836-0BD9-4758-AA6F-6B29F855B90A}
		{81D5C35F-3B41-418B-A8D9-B4ADCB393A62} = {4AD0C836-0BD9-4758-AA6F-6B29F855B90A}
		{155E95FF-FA86-495D-8F8D-CEFAA04421F1} = {B2114EFF-BFD9-46B4-9152-1ADB295D9AF3}
		{A6193424-97B0-4B26-AF17-CBCD18E97CD2} = {B2114EFF-BFD9-46B4-9152-1ADB295D9AF3}
		{78CA2B48-C52F-4054-A07C-ABAC019C6C2F} = {4AD0C836-0BD9-4758-AA6F-6B29F855B90A}
		{BD74F333-6EF6-45CD-B84C-4AB354FBF8EB} = {78CA2B48-C52F-4054-A07C-ABAC019C6C2F}
		{620BA527-B7B1-4ECC-A82C-76A92EEC1849} = {78CA2B48-C52F-4054-A07C-ABAC019C6C2F}
		{F7F41AAF-0EF6-4B04-A6C1-473094945330} = {4AD0C836-0BD9-4758-AA6F-6B29F855B90A}
		{8EADE444-0309-4D90-BD12-C4B854925166} = {F7F41AAF-0EF6-4B04-A6C1-473094945330}
		{63A2F5E1-6FF6-417D-9374-89394D1A26E5} = {F7F41AAF-0EF6-4B04-A6C1-473094945330}
		{B0F574A1-16CC-4713-94A4-BFFE68D8BD85} = {79B1F0B7-AA21-4E7F-A923-A48E5A5C2ADD}
		{DF2874D9-5220-4A0C-8155-F0DE82378844} = {A205886A-0104-4D2C-BBAF-3D14E8066191}
		{939C2A84-70A9-4648-94CC-414007A28F75} = {B0F574A1-16CC-4713-94A4-BFFE68D8BD85}
		{E51AAE28-EE27-4CB2-BE4C-85F92EB94CEE} = {B0F574A1-16CC-4713-94A4-BFFE68D8BD85}
		{2E2CD2C6-516D-4A47-A93B-AB8E64A36BC0} = {B0F574A1-16CC-4713-94A4-BFFE68D8BD85}
		{7CDD99B7-33B3-414D-AA8D-9BBACB38ED3B} = {939C2A84-70A9-4648-94CC-414007A28F75}
		{711EE523-E01F-4080-A6EC-E059D27F914D} = {E51AAE28-EE27-4CB2-BE4C-85F92EB94CEE}
		{9AEACC00-29C9-4E2C-B356-BADA664C4394} = {E51AAE28-EE27-4CB2-BE4C-85F92EB94CEE}
		{B974C600-8897-4BE3-94A1-47F585E0ED78} = {2E2CD2C6-516D-4A47-A93B-AB8E64A36BC0}
		{4EC1D7DE-C9EC-4E13-A123-134740D63F95} = {2E2CD2C6-516D-4A47-A93B-AB8E64A36BC0}
		{6BEBAC11-00CA-485F-A50F-30A3A8E9EE63} = {939C2A84-70A9-4648-94CC-414007A28F75}
		{A0F7E7D0-B227-4CF0-B09D-987124325C13} = {4AD0C836-0BD9-4758-AA6F-6B29F855B90A}
		{EDE2B87E-AF11-4BC1-8959-4A7C7D061949} = {4AD0C836-0BD9-4758-AA6F-6B29F855B90A}
		{D207BA44-71F7-4113-A371-60C4DFB505B0} = {4AD0C836-0BD9-4758-AA6F-6B29F855B90A}
		{1A6F32D9-9FE5-41E5-8F14-E8EBB6042ECB} = {D207BA44-71F7-4113-A371-60C4DFB505B0}
		{BDE6E8E8-E7A7-4280-B4D7-E79791C4AFEB} = {D207BA44-71F7-4113-A371-60C4DFB505B0}
		{30EDC23A-F170-4CE7-9631-81CB20594F3D} = {79B1F0B7-AA21-4E7F-A923-A48E5A5C2ADD}
		{4533A140-9EA0-448F-AA33-B1BBC68A87C4} = {4AD0C836-0BD9-4758-AA6F-6B29F855B90A}
		{9A750ECC-1E89-45A0-8F86-B30F22D41F32} = {D207BA44-71F7-4113-A371-60C4DFB505B0}
		{D6BE3472-ACFC-49ED-95C7-7AD5BEB20903} = {4AD0C836-0BD9-4758-AA6F-6B29F855B90A}
		{0375851C-87AA-43AD-B3C9-76E466A76713} = {D6BE3472-ACFC-49ED-95C7-7AD5BEB20903}
		{DD5C379C-2E57-4197-BA6F-C9B8670C0825} = {D6BE3472-ACFC-49ED-95C7-7AD5BEB20903}
		{2817189C-4795-430A-B8FD-222E2629DDF6} = {4AD0C836-0BD9-4758-AA6F-6B29F855B90A}
		{2457F480-8440-4E62-9D08-423084639278} = {2817189C-4795-430A-B8FD-222E2629DDF6}
		{A0667C96-CAA5-426E-A77E-418F5718D326} = {2817189C-4795-430A-B8FD-222E2629DDF6}
		{9DA18422-5EAA-4E71-BBB6-2AE9E6FC150F} = {4AD0C836-0BD9-4758-AA6F-6B29F855B90A}
		{BA9F768B-93D7-46E6-8936-FD1925E3A4B8} = {9DA18422-5EAA-4E71-BBB6-2AE9E6FC150F}
		{B97E7B19-BF4A-4C8E-8041-C5C1046C798F} = {9DA18422-5EAA-4E71-BBB6-2AE9E6FC150F}
		{206001C6-2CB4-40CE-8F11-FCECA7FB6F52} = {4AD0C836-0BD9-4758-AA6F-6B29F855B90A}
		{88342590-47FB-45B6-B77E-37F99DA550CB} = {206001C6-2CB4-40CE-8F11-FCECA7FB6F52}
		{8A8AB9DB-8BCB-4711-9E21-017FB4832673} = {206001C6-2CB4-40CE-8F11-FCECA7FB6F52}
		{21FA97C9-C338-46B6-9949-D0A0AE1D0D3D} = {79B1F0B7-AA21-4E7F-A923-A48E5A5C2ADD}
		{5C296504-A1C1-4DAF-8982-C74788FB0B8D} = {30EDC23A-F170-4CE7-9631-81CB20594F3D}
		{5A02D8CE-AE7D-4EF1-9799-F93B0A34FA7D} = {30EDC23A-F170-4CE7-9631-81CB20594F3D}
		{4EE3BC65-5CEF-4F6D-B4B9-68E42151BCBA} = {21FA97C9-C338-46B6-9949-D0A0AE1D0D3D}
		{8A2AE3C6-7988-45ED-BFF4-5726D67391FF} = {21FA97C9-C338-46B6-9949-D0A0AE1D0D3D}
		{0A226E09-A0BE-4185-AF20-E02E478B29E9} = {4AD0C836-0BD9-4758-AA6F-6B29F855B90A}
		{9642A743-0F0A-489A-A106-44282A3B9086} = {0A226E09-A0BE-4185-AF20-E02E478B29E9}
		{252D0148-A53B-4947-8672-4F9677B48656} = {4AD0C836-0BD9-4758-AA6F-6B29F855B90A}
	EndGlobalSection
	GlobalSection(ExtensibilityGlobals) = postSolution
		SolutionGuid = {54DFEB75-19DA-4427-9207-B1B1728C313D}
	EndGlobalSection
EndGlobal
